{
  "originHash" : "8415bdaab32f6da13b513cb9b502e30a2dc4d7169d0f4104f02d00587a389157",
  "pins" : [
    {
      "identity" : "defaults",
      "kind" : "remoteSourceControl",
      "location" : "https://github.com/sindresorhus/Defaults.git",
      "state" : {
        "branch" : "main",
        "revision" : "bf717462d969a1b024d731261c29a27e3965d390"
      }
    },
    {
      "identity" : "swift-syntax",
      "kind" : "remoteSourceControl",
      "location" : "https://github.com/apple/swift-syntax.git",
      "state" : {
        "revision" : "64889f0c732f210a935a0ad7cda38f77f876262d",
        "version" : "509.1.1"
      }
    },
    {
      "identity" : "swiftmacros",
      "kind" : "remoteSourceControl",
      "location" : "https://github.com/ShenghaiWang/SwiftMacros.git",
      "state" : {
        "revision" : "fcb92029bb19594f9ae9a079e8aa5fc7acc77c10",
        "version" : "1.4.1"
      }
    },
    {
      "identity" : "ziparchive",
      "kind" : "remoteSourceControl",
      "location" : "https://github.com/ZipArchive/ZipArchive.git",
      "state" : {
        "branch" : "master",
        "revision" : "79d4dc9729096c6ad83dd3cee2b9f354d1b4ab7b"
      }
    }
  ],
  "version" : 3
}
