// !$*UTF8*$!
{
	archiveVersion = 1;
	classes = {
	};
	objectVersion = 63;
	objects = {

/* Begin PBXBuildFile section */
		B305F0B8276B6675003AE510 /* nes.c in Sources */ = {isa = PBXBuildFile; fileRef = 9443D3A31715F2EB00E452AC /* nes.c */; };
		B305F0B9276B6675003AE510 /* sdscterminal.c in Sources */ = {isa = PBXBuildFile; fileRef = 9443D3C31715F2EB00E452AC /* sdscterminal.c */; };
		B305F0BA276B6675003AE510 /* smsmem.c in Sources */ = {isa = PBXBuildFile; fileRef = 9443D3C91715F2EB00E452AC /* smsmem.c */; };
		B305F0BB276B6675003AE510 /* ym2413.c in Sources */ = {isa = PBXBuildFile; fileRef = 9443D4361715F33C00E452AC /* ym2413.c */; };
		B305F0BC276B6675003AE510 /* sms.c in Sources */ = {isa = PBXBuildFile; fileRef = 9443D3C51715F2EB00E452AC /* sms.c */; };
		B305F0BD276B6675003AE510 /* colecovision.c in Sources */ = {isa = PBXBuildFile; fileRef = 9443D39D1715F2EB00E452AC /* colecovision.c */; };
		B305F0BE276B6675003AE510 /* nesmapper3.c in Sources */ = {isa = PBXBuildFile; fileRef = 878700E01B675EB4006841C9 /* nesmapper3.c */; };
		B305F0BF276B6675003AE510 /* terebi.c in Sources */ = {isa = PBXBuildFile; fileRef = 9443D3D21715F2EB00E452AC /* terebi.c */; };
		B305F0C0276B6675003AE510 /* rom.c in Sources */ = {isa = PBXBuildFile; fileRef = 9443D45B1715F67D00E452AC /* rom.c */; };
		B305F0C1276B6675003AE510 /* nesmapper9.c in Sources */ = {isa = PBXBuildFile; fileRef = 878700E21B675EB4006841C9 /* nesmapper9.c */; };
		B305F0C2276B6675003AE510 /* nesmem.c in Sources */ = {isa = PBXBuildFile; fileRef = 9443D3A51715F2EB00E452AC /* nesmem.c */; };
		B305F0C3276B6675003AE510 /* cheats.c in Sources */ = {isa = PBXBuildFile; fileRef = 9443D3AD1715F2EB00E452AC /* cheats.c */; };
		B305F0C4276B6675003AE510 /* mapper-4PAA.c in Sources */ = {isa = PBXBuildFile; fileRef = 9443D3AF1715F2EB00E452AC /* mapper-4PAA.c */; };
		B305F0C5276B6675003AE510 /* mapper-codemasters.c in Sources */ = {isa = PBXBuildFile; fileRef = 9443D3B31715F2EB00E452AC /* mapper-codemasters.c */; };
		B305F0C6276B6675003AE510 /* mapper-janggun.c in Sources */ = {isa = PBXBuildFile; fileRef = 9443D3B51715F2EB00E452AC /* mapper-janggun.c */; };
		B305F0C7276B6675003AE510 /* 93c46.c in Sources */ = {isa = PBXBuildFile; fileRef = 9443D3AB1715F2EB00E452AC /* 93c46.c */; };
		B305F0C8276B6675003AE510 /* open_memstream.c in Sources */ = {isa = PBXBuildFile; fileRef = 27E3D4E51B6543D500D8D8B5 /* open_memstream.c */; };
		B305F0C9276B6675003AE510 /* mapper-koreanmsx.c in Sources */ = {isa = PBXBuildFile; fileRef = 9443D3B91715F2EB00E452AC /* mapper-koreanmsx.c */; };
		B305F0CB276B6675003AE510 /* smsz80.c in Sources */ = {isa = PBXBuildFile; fileRef = 9443D3D01715F2EB00E452AC /* smsz80.c */; };
		B305F0CC276B6675003AE510 /* fds_snd.c in Sources */ = {isa = PBXBuildFile; fileRef = 9443D4291715F33C00E452AC /* fds_snd.c */; };
		B305F0CD276B6675003AE510 /* tms9918a.c in Sources */ = {isa = PBXBuildFile; fileRef = 9443D3D41715F2EB00E452AC /* tms9918a.c */; };
		B305F0CE276B6675003AE510 /* CrabZ80.c in Sources */ = {isa = PBXBuildFile; fileRef = 9443D3FC1715F31000E452AC /* CrabZ80.c */; };
		B305F0CF276B6675003AE510 /* mmc5_snd.c in Sources */ = {isa = PBXBuildFile; fileRef = 9443D42B1715F33C00E452AC /* mmc5_snd.c */; };
		B305F0D0276B6675003AE510 /* sn76489.c in Sources */ = {isa = PBXBuildFile; fileRef = 9443D4331715F33C00E452AC /* sn76489.c */; };
		B305F0D1276B6675003AE510 /* fmemopen.c in Sources */ = {isa = PBXBuildFile; fileRef = 27E3D4E21B6543BC00D8D8B5 /* fmemopen.c */; };
		B305F0D2276B6675003AE510 /* vrcvisnd.c in Sources */ = {isa = PBXBuildFile; fileRef = 9443D42F1715F33C00E452AC /* vrcvisnd.c */; };
		B305F0D3276B6675003AE510 /* nesmapper1.c in Sources */ = {isa = PBXBuildFile; fileRef = 9443D3A21715F2EB00E452AC /* nesmapper1.c */; };
		B305F0D4276B6675003AE510 /* nesmapper7.c in Sources */ = {isa = PBXBuildFile; fileRef = 878700E11B675EB4006841C9 /* nesmapper7.c */; };
		B305F0D5276B6675003AE510 /* Crab6502.c in Sources */ = {isa = PBXBuildFile; fileRef = 9443D3F41715F31000E452AC /* Crab6502.c */; };
		B305F0D6276B6675003AE510 /* CrabZ80d.c in Sources */ = {isa = PBXBuildFile; fileRef = 9443D4001715F31000E452AC /* CrabZ80d.c */; };
		B305F0D7276B6675003AE510 /* colecomem.c in Sources */ = {isa = PBXBuildFile; fileRef = 9443D39B1715F2EB00E452AC /* colecomem.c */; };
		B305F0D8276B6675003AE510 /* mapper-93c46.c in Sources */ = {isa = PBXBuildFile; fileRef = 9443D3B11715F2EB00E452AC /* mapper-93c46.c */; };
		B305F0D9276B6675003AE510 /* nesmapper2.c in Sources */ = {isa = PBXBuildFile; fileRef = 878700DF1B675EB4006841C9 /* nesmapper2.c */; };
		B305F0DA276B6675003AE510 /* mapper-none.c in Sources */ = {isa = PBXBuildFile; fileRef = 9443D3BB1715F2EB00E452AC /* mapper-none.c */; };
		B305F0DB276B6675003AE510 /* Crab6502d.c in Sources */ = {isa = PBXBuildFile; fileRef = 9443D3F81715F31000E452AC /* Crab6502d.c */; };
		B305F0DC276B6675003AE510 /* nesppu.c in Sources */ = {isa = PBXBuildFile; fileRef = 9443D3A81715F2EB00E452AC /* nesppu.c */; };
		B305F0DD276B6675003AE510 /* mapper-sega.c in Sources */ = {isa = PBXBuildFile; fileRef = 9443D3BD1715F2EB00E452AC /* mapper-sega.c */; };
		B305F0DE276B6675003AE510 /* mappers.c in Sources */ = {isa = PBXBuildFile; fileRef = 9443D3C11715F2EB00E452AC /* mappers.c */; };
		B305F0DF276B6675003AE510 /* nesmapper0.c in Sources */ = {isa = PBXBuildFile; fileRef = 9443D3A11715F2EB00E452AC /* nesmapper0.c */; };
		B305F0E0276B6675003AE510 /* nes_apu.c in Sources */ = {isa = PBXBuildFile; fileRef = 9443D42D1715F33C00E452AC /* nes_apu.c */; };
		B305F0E1276B6675003AE510 /* mapper-sg1000.c in Sources */ = {isa = PBXBuildFile; fileRef = 9443D3BF1715F2EB00E452AC /* mapper-sg1000.c */; };
		B305F0E2276B6675003AE510 /* smsvdp.c in Sources */ = {isa = PBXBuildFile; fileRef = 9443D3CC1715F2EB00E452AC /* smsvdp.c */; };
		B305F0E3276B6675003AE510 /* nesmapper66.c in Sources */ = {isa = PBXBuildFile; fileRef = 878700E31B675EB4006841C9 /* nesmapper66.c */; };
		B305F0E4276B6675003AE510 /* nesapu-nosefart.c in Sources */ = {isa = PBXBuildFile; fileRef = 9443D4311715F33C00E452AC /* nesapu-nosefart.c */; };
		B305F0E5276B6675003AE510 /* mapper-korean.c in Sources */ = {isa = PBXBuildFile; fileRef = 9443D3B71715F2EB00E452AC /* mapper-korean.c */; };
		B305F0EE276B6697003AE510 /* PVCrabEmu.h in Headers */ = {isa = PBXBuildFile; fileRef = B305F0ED276B6697003AE510 /* PVCrabEmu.h */; settings = {ATTRIBUTES = (Public, ); }; };
		B305F0F2276B66AB003AE510 /* libz.tbd in Frameworks */ = {isa = PBXBuildFile; fileRef = 1B46D09C14293CAD0025EF88 /* libz.tbd */; };
		B305F0F4276B66BC003AE510 /* SMSGameCore.m in Sources */ = {isa = PBXBuildFile; fileRef = C66DFC180F51D82F0080AA28 /* SMSGameCore.m */; };
		B305F0F5276B6782003AE510 /* libcrabemu.a in Frameworks */ = {isa = PBXBuildFile; fileRef = B305F0AF276B665E003AE510 /* libcrabemu.a */; };
		B305F0FC276B6790003AE510 /* Foundation.framework in Frameworks */ = {isa = PBXBuildFile; fileRef = 089C1672FE841209C02AAC07 /* Foundation.framework */; };
		B305F0FE276B6B3C003AE510 /* libbz2.tbd in Frameworks */ = {isa = PBXBuildFile; fileRef = B305F0FD276B6B31003AE510 /* libbz2.tbd */; };
		B305F100276B6B74003AE510 /* unzip.c in Sources */ = {isa = PBXBuildFile; fileRef = B305F0FF276B6B73003AE510 /* unzip.c */; };
		B305F102276B6BA2003AE510 /* ioapi.c in Sources */ = {isa = PBXBuildFile; fileRef = B305F101276B6BA2003AE510 /* ioapi.c */; };
		B305F10A276B6C7C003AE510 /* Core.plist in Resources */ = {isa = PBXBuildFile; fileRef = B305F109276B6C7B003AE510 /* Core.plist */; };
		B3AEE315293F41CC0050BDB6 /* smsmem-gg.c in Sources */ = {isa = PBXBuildFile; fileRef = 9443D3C71715F2EB00E452AC /* smsmem-gg.c */; };
		B3B13AD52B4D1CA4006701B9 /* SMSGameCore.h in Headers */ = {isa = PBXBuildFile; fileRef = C66DFC190F51D82F0080AA28 /* SMSGameCore.h */; settings = {ATTRIBUTES = (Public, ); }; };
		B3B13AD72B4D1D05006701B9 /* PVSupport.framework in Frameworks */ = {isa = PBXBuildFile; fileRef = B3B13AD62B4D1D05006701B9 /* PVSupport.framework */; };
/* End PBXBuildFile section */

/* Begin PBXContainerItemProxy section */
		B305F0F6276B6782003AE510 /* PBXContainerItemProxy */ = {
			isa = PBXContainerItemProxy;
			containerPortal = 089C1669FE841209C02AAC07 /* Project object */;
			proxyType = 1;
			remoteGlobalIDString = B305F0AE276B665E003AE510;
			remoteInfo = crabemu;
		};
/* End PBXContainerItemProxy section */

/* Begin PBXCopyFilesBuildPhase section */
		B305F0AD276B665E003AE510 /* CopyFiles */ = {
			isa = PBXCopyFilesBuildPhase;
			buildActionMask = 2147483647;
			dstPath = "include/$(PRODUCT_NAME)";
			dstSubfolderSpec = 16;
			files = (
			);
			runOnlyForDeploymentPostprocessing = 0;
		};
/* End PBXCopyFilesBuildPhase section */

/* Begin PBXFileReference section */
		089C1672FE841209C02AAC07 /* Foundation.framework */ = {isa = PBXFileReference; lastKnownFileType = wrapper.framework; name = Foundation.framework; path = System/Library/Frameworks/Foundation.framework; sourceTree = SDKROOT; };
		089C167EFE841241C02AAC07 /* en */ = {isa = PBXFileReference; fileEncoding = 4; lastKnownFileType = text.plist.strings; name = en; path = en.lproj/InfoPlist.strings; sourceTree = "<group>"; };
		089C167FFE841241C02AAC07 /* AppKit.framework */ = {isa = PBXFileReference; lastKnownFileType = wrapper.framework; name = AppKit.framework; path = System/Library/Frameworks/AppKit.framework; sourceTree = SDKROOT; };
		1058C7ADFEA557BF11CA2CBB /* Cocoa.framework */ = {isa = PBXFileReference; lastKnownFileType = wrapper.framework; name = Cocoa.framework; path = System/Library/Frameworks/Cocoa.framework; sourceTree = SDKROOT; };
		1B46D09C14293CAD0025EF88 /* libz.tbd */ = {isa = PBXFileReference; lastKnownFileType = "sourcecode.text-based-dylib-definition"; name = libz.tbd; path = usr/lib/libz.tbd; sourceTree = SDKROOT; };
		27E3D4E21B6543BC00D8D8B5 /* fmemopen.c */ = {isa = PBXFileReference; fileEncoding = 4; lastKnownFileType = sourcecode.c.c; path = fmemopen.c; sourceTree = "<group>"; };
		27E3D4E31B6543BC00D8D8B5 /* fmemopen.h */ = {isa = PBXFileReference; fileEncoding = 4; lastKnownFileType = sourcecode.c.h; path = fmemopen.h; sourceTree = "<group>"; };
		27E3D4E51B6543D500D8D8B5 /* open_memstream.c */ = {isa = PBXFileReference; fileEncoding = 4; lastKnownFileType = sourcecode.c.c; path = open_memstream.c; sourceTree = "<group>"; };
		27E3D4E61B6543D500D8D8B5 /* open_memstream.h */ = {isa = PBXFileReference; fileEncoding = 4; lastKnownFileType = sourcecode.c.h; path = open_memstream.h; sourceTree = "<group>"; };
		3720DB4C0F19510D00744A9A /* CrabEmu.icns */ = {isa = PBXFileReference; lastKnownFileType = image.icns; path = CrabEmu.icns; sourceTree = "<group>"; };
		878700D11B674AB3006841C9 /* queue.h */ = {isa = PBXFileReference; fileEncoding = 4; lastKnownFileType = sourcecode.c.h; name = queue.h; path = utils/queue.h; sourceTree = "<group>"; };
		878700DA1B675E9C006841C9 /* chip8.c */ = {isa = PBXFileReference; lastKnownFileType = sourcecode.c.c; name = chip8.c; path = chip8/chip8.c; sourceTree = "<group>"; };
		878700DB1B675E9C006841C9 /* chip8.h */ = {isa = PBXFileReference; lastKnownFileType = sourcecode.c.h; name = chip8.h; path = chip8/chip8.h; sourceTree = "<group>"; };
		878700DC1B675E9C006841C9 /* chip8cpu.c */ = {isa = PBXFileReference; lastKnownFileType = sourcecode.c.c; name = chip8cpu.c; path = chip8/chip8cpu.c; sourceTree = "<group>"; };
		878700DD1B675E9C006841C9 /* chip8cpu.h */ = {isa = PBXFileReference; lastKnownFileType = sourcecode.c.h; name = chip8cpu.h; path = chip8/chip8cpu.h; sourceTree = "<group>"; };
		878700DE1B675E9C006841C9 /* chip8cpuops.h */ = {isa = PBXFileReference; lastKnownFileType = sourcecode.c.h; name = chip8cpuops.h; path = chip8/chip8cpuops.h; sourceTree = "<group>"; };
		878700DF1B675EB4006841C9 /* nesmapper2.c */ = {isa = PBXFileReference; lastKnownFileType = sourcecode.c.c; path = nesmapper2.c; sourceTree = "<group>"; };
		878700E01B675EB4006841C9 /* nesmapper3.c */ = {isa = PBXFileReference; lastKnownFileType = sourcecode.c.c; path = nesmapper3.c; sourceTree = "<group>"; };
		878700E11B675EB4006841C9 /* nesmapper7.c */ = {isa = PBXFileReference; lastKnownFileType = sourcecode.c.c; path = nesmapper7.c; sourceTree = "<group>"; };
		878700E21B675EB4006841C9 /* nesmapper9.c */ = {isa = PBXFileReference; lastKnownFileType = sourcecode.c.c; path = nesmapper9.c; sourceTree = "<group>"; };
		878700E31B675EB4006841C9 /* nesmapper66.c */ = {isa = PBXFileReference; lastKnownFileType = sourcecode.c.c; path = nesmapper66.c; sourceTree = "<group>"; };
		878700E41B675EF0006841C9 /* console.h */ = {isa = PBXFileReference; fileEncoding = 4; lastKnownFileType = sourcecode.c.h; path = console.h; sourceTree = "<group>"; };
		87ACB6E41D26C1F600138B7E /* CrabZ80_gbmacros.h */ = {isa = PBXFileReference; lastKnownFileType = sourcecode.c.h; path = CrabZ80_gbmacros.h; sourceTree = "<group>"; };
		87ACB6E51D26C1F600138B7E /* CrabZ80gbops.h */ = {isa = PBXFileReference; lastKnownFileType = sourcecode.c.h; path = CrabZ80gbops.h; sourceTree = "<group>"; };
		87ACB6E61D26C1F700138B7E /* CrabZ80gbopsCB.h */ = {isa = PBXFileReference; lastKnownFileType = sourcecode.c.h; path = CrabZ80gbopsCB.h; sourceTree = "<group>"; };
		8D5B49B7048680CD000E48DA /* Info.plist */ = {isa = PBXFileReference; fileEncoding = 4; lastKnownFileType = text.plist.xml; path = Info.plist; sourceTree = "<group>"; };
		9443D39B1715F2EB00E452AC /* colecomem.c */ = {isa = PBXFileReference; fileEncoding = 4; lastKnownFileType = sourcecode.c.c; path = colecomem.c; sourceTree = "<group>"; };
		9443D39C1715F2EB00E452AC /* colecomem.h */ = {isa = PBXFileReference; fileEncoding = 4; lastKnownFileType = sourcecode.c.h; path = colecomem.h; sourceTree = "<group>"; };
		9443D39D1715F2EB00E452AC /* colecovision.c */ = {isa = PBXFileReference; fileEncoding = 4; lastKnownFileType = sourcecode.c.c; path = colecovision.c; sourceTree = "<group>"; };
		9443D39E1715F2EB00E452AC /* colecovision.h */ = {isa = PBXFileReference; fileEncoding = 4; lastKnownFileType = sourcecode.c.h; path = colecovision.h; sourceTree = "<group>"; };
		9443D3A11715F2EB00E452AC /* nesmapper0.c */ = {isa = PBXFileReference; fileEncoding = 4; lastKnownFileType = sourcecode.c.c; path = nesmapper0.c; sourceTree = "<group>"; };
		9443D3A21715F2EB00E452AC /* nesmapper1.c */ = {isa = PBXFileReference; fileEncoding = 4; lastKnownFileType = sourcecode.c.c; path = nesmapper1.c; sourceTree = "<group>"; };
		9443D3A31715F2EB00E452AC /* nes.c */ = {isa = PBXFileReference; fileEncoding = 4; lastKnownFileType = sourcecode.c.c; path = nes.c; sourceTree = "<group>"; };
		9443D3A41715F2EB00E452AC /* nes.h */ = {isa = PBXFileReference; fileEncoding = 4; lastKnownFileType = sourcecode.c.h; path = nes.h; sourceTree = "<group>"; };
		9443D3A51715F2EB00E452AC /* nesmem.c */ = {isa = PBXFileReference; fileEncoding = 4; lastKnownFileType = sourcecode.c.c; path = nesmem.c; sourceTree = "<group>"; };
		9443D3A61715F2EB00E452AC /* nesmem.h */ = {isa = PBXFileReference; fileEncoding = 4; lastKnownFileType = sourcecode.c.h; path = nesmem.h; sourceTree = "<group>"; };
		9443D3A71715F2EB00E452AC /* nespalette.h */ = {isa = PBXFileReference; fileEncoding = 4; lastKnownFileType = sourcecode.c.h; path = nespalette.h; sourceTree = "<group>"; };
		9443D3A81715F2EB00E452AC /* nesppu.c */ = {isa = PBXFileReference; fileEncoding = 4; lastKnownFileType = sourcecode.c.c; path = nesppu.c; sourceTree = "<group>"; };
		9443D3A91715F2EB00E452AC /* nesppu.h */ = {isa = PBXFileReference; fileEncoding = 4; lastKnownFileType = sourcecode.c.h; path = nesppu.h; sourceTree = "<group>"; };
		9443D3AB1715F2EB00E452AC /* 93c46.c */ = {isa = PBXFileReference; fileEncoding = 4; lastKnownFileType = sourcecode.c.c; path = 93c46.c; sourceTree = "<group>"; };
		9443D3AC1715F2EB00E452AC /* 93c46.h */ = {isa = PBXFileReference; fileEncoding = 4; lastKnownFileType = sourcecode.c.h; path = 93c46.h; sourceTree = "<group>"; };
		9443D3AD1715F2EB00E452AC /* cheats.c */ = {isa = PBXFileReference; fileEncoding = 4; lastKnownFileType = sourcecode.c.c; path = cheats.c; sourceTree = "<group>"; };
		9443D3AE1715F2EB00E452AC /* cheats.h */ = {isa = PBXFileReference; fileEncoding = 4; lastKnownFileType = sourcecode.c.h; path = cheats.h; sourceTree = "<group>"; };
		9443D3AF1715F2EB00E452AC /* mapper-4PAA.c */ = {isa = PBXFileReference; fileEncoding = 4; lastKnownFileType = sourcecode.c.c; path = "mapper-4PAA.c"; sourceTree = "<group>"; };
		9443D3B01715F2EB00E452AC /* mapper-4PAA.h */ = {isa = PBXFileReference; fileEncoding = 4; lastKnownFileType = sourcecode.c.h; path = "mapper-4PAA.h"; sourceTree = "<group>"; };
		9443D3B11715F2EB00E452AC /* mapper-93c46.c */ = {isa = PBXFileReference; fileEncoding = 4; lastKnownFileType = sourcecode.c.c; path = "mapper-93c46.c"; sourceTree = "<group>"; };
		9443D3B21715F2EB00E452AC /* mapper-93c46.h */ = {isa = PBXFileReference; fileEncoding = 4; lastKnownFileType = sourcecode.c.h; path = "mapper-93c46.h"; sourceTree = "<group>"; };
		9443D3B31715F2EB00E452AC /* mapper-codemasters.c */ = {isa = PBXFileReference; fileEncoding = 4; lastKnownFileType = sourcecode.c.c; path = "mapper-codemasters.c"; sourceTree = "<group>"; };
		9443D3B41715F2EB00E452AC /* mapper-codemasters.h */ = {isa = PBXFileReference; fileEncoding = 4; lastKnownFileType = sourcecode.c.h; path = "mapper-codemasters.h"; sourceTree = "<group>"; };
		9443D3B51715F2EB00E452AC /* mapper-janggun.c */ = {isa = PBXFileReference; fileEncoding = 4; lastKnownFileType = sourcecode.c.c; path = "mapper-janggun.c"; sourceTree = "<group>"; };
		9443D3B61715F2EB00E452AC /* mapper-janggun.h */ = {isa = PBXFileReference; fileEncoding = 4; lastKnownFileType = sourcecode.c.h; path = "mapper-janggun.h"; sourceTree = "<group>"; };
		9443D3B71715F2EB00E452AC /* mapper-korean.c */ = {isa = PBXFileReference; fileEncoding = 4; lastKnownFileType = sourcecode.c.c; path = "mapper-korean.c"; sourceTree = "<group>"; };
		9443D3B81715F2EB00E452AC /* mapper-korean.h */ = {isa = PBXFileReference; fileEncoding = 4; lastKnownFileType = sourcecode.c.h; path = "mapper-korean.h"; sourceTree = "<group>"; };
		9443D3B91715F2EB00E452AC /* mapper-koreanmsx.c */ = {isa = PBXFileReference; fileEncoding = 4; lastKnownFileType = sourcecode.c.c; path = "mapper-koreanmsx.c"; sourceTree = "<group>"; };
		9443D3BA1715F2EB00E452AC /* mapper-koreanmsx.h */ = {isa = PBXFileReference; fileEncoding = 4; lastKnownFileType = sourcecode.c.h; path = "mapper-koreanmsx.h"; sourceTree = "<group>"; };
		9443D3BB1715F2EB00E452AC /* mapper-none.c */ = {isa = PBXFileReference; fileEncoding = 4; lastKnownFileType = sourcecode.c.c; path = "mapper-none.c"; sourceTree = "<group>"; };
		9443D3BC1715F2EB00E452AC /* mapper-none.h */ = {isa = PBXFileReference; fileEncoding = 4; lastKnownFileType = sourcecode.c.h; path = "mapper-none.h"; sourceTree = "<group>"; };
		9443D3BD1715F2EB00E452AC /* mapper-sega.c */ = {isa = PBXFileReference; fileEncoding = 4; lastKnownFileType = sourcecode.c.c; path = "mapper-sega.c"; sourceTree = "<group>"; };
		9443D3BE1715F2EB00E452AC /* mapper-sega.h */ = {isa = PBXFileReference; fileEncoding = 4; lastKnownFileType = sourcecode.c.h; path = "mapper-sega.h"; sourceTree = "<group>"; };
		9443D3BF1715F2EB00E452AC /* mapper-sg1000.c */ = {isa = PBXFileReference; fileEncoding = 4; lastKnownFileType = sourcecode.c.c; path = "mapper-sg1000.c"; sourceTree = "<group>"; };
		9443D3C01715F2EB00E452AC /* mapper-sg1000.h */ = {isa = PBXFileReference; fileEncoding = 4; lastKnownFileType = sourcecode.c.h; path = "mapper-sg1000.h"; sourceTree = "<group>"; };
		9443D3C11715F2EB00E452AC /* mappers.c */ = {isa = PBXFileReference; fileEncoding = 4; lastKnownFileType = sourcecode.c.c; path = mappers.c; sourceTree = "<group>"; };
		9443D3C21715F2EB00E452AC /* mappers.h */ = {isa = PBXFileReference; fileEncoding = 4; lastKnownFileType = sourcecode.c.h; path = mappers.h; sourceTree = "<group>"; };
		9443D3C31715F2EB00E452AC /* sdscterminal.c */ = {isa = PBXFileReference; fileEncoding = 4; lastKnownFileType = sourcecode.c.c; path = sdscterminal.c; sourceTree = "<group>"; };
		9443D3C41715F2EB00E452AC /* sdscterminal.h */ = {isa = PBXFileReference; fileEncoding = 4; lastKnownFileType = sourcecode.c.h; path = sdscterminal.h; sourceTree = "<group>"; };
		9443D3C51715F2EB00E452AC /* sms.c */ = {isa = PBXFileReference; fileEncoding = 4; lastKnownFileType = sourcecode.c.c; path = sms.c; sourceTree = "<group>"; };
		9443D3C61715F2EB00E452AC /* sms.h */ = {isa = PBXFileReference; fileEncoding = 4; lastKnownFileType = sourcecode.c.h; path = sms.h; sourceTree = "<group>"; };
		9443D3C71715F2EB00E452AC /* smsmem-gg.c */ = {isa = PBXFileReference; fileEncoding = 4; lastKnownFileType = sourcecode.c.c; path = "smsmem-gg.c"; sourceTree = "<group>"; };
		9443D3C81715F2EB00E452AC /* smsmem-gg.h */ = {isa = PBXFileReference; fileEncoding = 4; lastKnownFileType = sourcecode.c.h; path = "smsmem-gg.h"; sourceTree = "<group>"; };
		9443D3C91715F2EB00E452AC /* smsmem.c */ = {isa = PBXFileReference; fileEncoding = 4; lastKnownFileType = sourcecode.c.c; path = smsmem.c; sourceTree = "<group>"; };
		9443D3CA1715F2EB00E452AC /* smsmem.h */ = {isa = PBXFileReference; fileEncoding = 4; lastKnownFileType = sourcecode.c.h; path = smsmem.h; sourceTree = "<group>"; };
		9443D3CB1715F2EB00E452AC /* smsvcnt.h */ = {isa = PBXFileReference; fileEncoding = 4; lastKnownFileType = sourcecode.c.h; path = smsvcnt.h; sourceTree = "<group>"; };
		9443D3CC1715F2EB00E452AC /* smsvdp.c */ = {isa = PBXFileReference; fileEncoding = 4; lastKnownFileType = sourcecode.c.c; path = smsvdp.c; sourceTree = "<group>"; };
		9443D3CD1715F2EB00E452AC /* smsvdp.h */ = {isa = PBXFileReference; fileEncoding = 4; lastKnownFileType = sourcecode.c.h; path = smsvdp.h; sourceTree = "<group>"; };
		9443D3CE1715F2EB00E452AC /* smsz80-cz80.c */ = {isa = PBXFileReference; fileEncoding = 4; lastKnownFileType = sourcecode.c.c; path = "smsz80-cz80.c"; sourceTree = "<group>"; };
		9443D3D01715F2EB00E452AC /* smsz80.c */ = {isa = PBXFileReference; fileEncoding = 4; lastKnownFileType = sourcecode.c.c; path = smsz80.c; sourceTree = "<group>"; };
		9443D3D11715F2EB00E452AC /* smsz80.h */ = {isa = PBXFileReference; fileEncoding = 4; lastKnownFileType = sourcecode.c.h; path = smsz80.h; sourceTree = "<group>"; };
		9443D3D21715F2EB00E452AC /* terebi.c */ = {isa = PBXFileReference; fileEncoding = 4; lastKnownFileType = sourcecode.c.c; path = terebi.c; sourceTree = "<group>"; };
		9443D3D31715F2EB00E452AC /* terebi.h */ = {isa = PBXFileReference; fileEncoding = 4; lastKnownFileType = sourcecode.c.h; path = terebi.h; sourceTree = "<group>"; };
		9443D3D41715F2EB00E452AC /* tms9918a.c */ = {isa = PBXFileReference; fileEncoding = 4; lastKnownFileType = sourcecode.c.c; path = tms9918a.c; sourceTree = "<group>"; };
		9443D3D51715F2EB00E452AC /* tms9918a.h */ = {isa = PBXFileReference; fileEncoding = 4; lastKnownFileType = sourcecode.c.h; path = tms9918a.h; sourceTree = "<group>"; };
		9443D3F41715F31000E452AC /* Crab6502.c */ = {isa = PBXFileReference; fileEncoding = 4; lastKnownFileType = sourcecode.c.c; path = Crab6502.c; sourceTree = "<group>"; };
		9443D3F51715F31000E452AC /* Crab6502.h */ = {isa = PBXFileReference; fileEncoding = 4; lastKnownFileType = sourcecode.c.h; path = Crab6502.h; sourceTree = "<group>"; };
		9443D3F61715F31000E452AC /* Crab6502_macros.h */ = {isa = PBXFileReference; fileEncoding = 4; lastKnownFileType = sourcecode.c.h; path = Crab6502_macros.h; sourceTree = "<group>"; };
		9443D3F71715F31000E452AC /* Crab6502_tables.h */ = {isa = PBXFileReference; fileEncoding = 4; lastKnownFileType = sourcecode.c.h; path = Crab6502_tables.h; sourceTree = "<group>"; };
		9443D3F81715F31000E452AC /* Crab6502d.c */ = {isa = PBXFileReference; fileEncoding = 4; lastKnownFileType = sourcecode.c.c; path = Crab6502d.c; sourceTree = "<group>"; };
		9443D3F91715F31000E452AC /* Crab6502d.h */ = {isa = PBXFileReference; fileEncoding = 4; lastKnownFileType = sourcecode.c.h; path = Crab6502d.h; sourceTree = "<group>"; };
		9443D3FA1715F31000E452AC /* Crab6502ops.h */ = {isa = PBXFileReference; fileEncoding = 4; lastKnownFileType = sourcecode.c.h; path = Crab6502ops.h; sourceTree = "<group>"; };
		9443D3FC1715F31000E452AC /* CrabZ80.c */ = {isa = PBXFileReference; fileEncoding = 4; lastKnownFileType = sourcecode.c.c; path = CrabZ80.c; sourceTree = "<group>"; };
		9443D3FD1715F31000E452AC /* CrabZ80.h */ = {isa = PBXFileReference; fileEncoding = 4; lastKnownFileType = sourcecode.c.h; path = CrabZ80.h; sourceTree = "<group>"; };
		9443D3FE1715F31000E452AC /* CrabZ80_macros.h */ = {isa = PBXFileReference; fileEncoding = 4; lastKnownFileType = sourcecode.c.h; path = CrabZ80_macros.h; sourceTree = "<group>"; };
		9443D3FF1715F31000E452AC /* CrabZ80_tables.h */ = {isa = PBXFileReference; fileEncoding = 4; lastKnownFileType = sourcecode.c.h; path = CrabZ80_tables.h; sourceTree = "<group>"; };
		9443D4001715F31000E452AC /* CrabZ80d.c */ = {isa = PBXFileReference; fileEncoding = 4; lastKnownFileType = sourcecode.c.c; path = CrabZ80d.c; sourceTree = "<group>"; };
		9443D4011715F31000E452AC /* CrabZ80d.h */ = {isa = PBXFileReference; fileEncoding = 4; lastKnownFileType = sourcecode.c.h; path = CrabZ80d.h; sourceTree = "<group>"; };
		9443D4021715F31000E452AC /* CrabZ80ops.h */ = {isa = PBXFileReference; fileEncoding = 4; lastKnownFileType = sourcecode.c.h; path = CrabZ80ops.h; sourceTree = "<group>"; };
		9443D4031715F31000E452AC /* CrabZ80opsCB.h */ = {isa = PBXFileReference; fileEncoding = 4; lastKnownFileType = sourcecode.c.h; path = CrabZ80opsCB.h; sourceTree = "<group>"; };
		9443D4041715F31000E452AC /* CrabZ80opsDD-FD.h */ = {isa = PBXFileReference; fileEncoding = 4; lastKnownFileType = sourcecode.c.h; path = "CrabZ80opsDD-FD.h"; sourceTree = "<group>"; };
		9443D4051715F31000E452AC /* CrabZ80opsDDCB-FDCB.h */ = {isa = PBXFileReference; fileEncoding = 4; lastKnownFileType = sourcecode.c.h; path = "CrabZ80opsDDCB-FDCB.h"; sourceTree = "<group>"; };
		9443D4061715F31000E452AC /* CrabZ80opsED.h */ = {isa = PBXFileReference; fileEncoding = 4; lastKnownFileType = sourcecode.c.h; path = CrabZ80opsED.h; sourceTree = "<group>"; };
		9443D4081715F31000E452AC /* cz80.c */ = {isa = PBXFileReference; fileEncoding = 4; lastKnownFileType = sourcecode.c.c; path = cz80.c; sourceTree = "<group>"; };
		9443D4091715F31000E452AC /* cz80.h */ = {isa = PBXFileReference; fileEncoding = 4; lastKnownFileType = sourcecode.c.h; path = cz80.h; sourceTree = "<group>"; };
		9443D40A1715F31000E452AC /* cz80.inc */ = {isa = PBXFileReference; fileEncoding = 4; lastKnownFileType = sourcecode.pascal; path = cz80.inc; sourceTree = "<group>"; };
		9443D40B1715F31000E452AC /* cz80_op.inc */ = {isa = PBXFileReference; fileEncoding = 4; lastKnownFileType = sourcecode.pascal; path = cz80_op.inc; sourceTree = "<group>"; };
		9443D40C1715F31000E452AC /* cz80_opCB.inc */ = {isa = PBXFileReference; fileEncoding = 4; lastKnownFileType = sourcecode.pascal; path = cz80_opCB.inc; sourceTree = "<group>"; };
		9443D40D1715F31000E452AC /* cz80_opED.inc */ = {isa = PBXFileReference; fileEncoding = 4; lastKnownFileType = sourcecode.pascal; path = cz80_opED.inc; sourceTree = "<group>"; };
		9443D40E1715F31000E452AC /* cz80_opXY.inc */ = {isa = PBXFileReference; fileEncoding = 4; lastKnownFileType = sourcecode.pascal; path = cz80_opXY.inc; sourceTree = "<group>"; };
		9443D40F1715F31000E452AC /* cz80_opXYCB.inc */ = {isa = PBXFileReference; fileEncoding = 4; lastKnownFileType = sourcecode.pascal; path = cz80_opXYCB.inc; sourceTree = "<group>"; };
		9443D4101715F31000E452AC /* cz80exec.inc */ = {isa = PBXFileReference; fileEncoding = 4; lastKnownFileType = sourcecode.pascal; path = cz80exec.inc; sourceTree = "<group>"; };
		9443D4111715F31000E452AC /* cz80jmp.inc */ = {isa = PBXFileReference; fileEncoding = 4; lastKnownFileType = sourcecode.pascal; path = cz80jmp.inc; sourceTree = "<group>"; };
		9443D4121715F31000E452AC /* readme.txt */ = {isa = PBXFileReference; fileEncoding = 4; lastKnownFileType = text; path = readme.txt; sourceTree = "<group>"; };
		9443D4261715F33C00E452AC /* sound.c */ = {isa = PBXFileReference; fileEncoding = 4; lastKnownFileType = sourcecode.c.c; path = sound.c; sourceTree = "<group>"; };
		9443D4281715F33C00E452AC /* COPYING */ = {isa = PBXFileReference; fileEncoding = 4; lastKnownFileType = text; path = COPYING; sourceTree = "<group>"; };
		9443D4291715F33C00E452AC /* fds_snd.c */ = {isa = PBXFileReference; fileEncoding = 4; lastKnownFileType = sourcecode.c.c; path = fds_snd.c; sourceTree = "<group>"; };
		9443D42A1715F33C00E452AC /* fds_snd.h */ = {isa = PBXFileReference; fileEncoding = 4; lastKnownFileType = sourcecode.c.h; path = fds_snd.h; sourceTree = "<group>"; };
		9443D42B1715F33C00E452AC /* mmc5_snd.c */ = {isa = PBXFileReference; fileEncoding = 4; lastKnownFileType = sourcecode.c.c; path = mmc5_snd.c; sourceTree = "<group>"; };
		9443D42C1715F33C00E452AC /* mmc5_snd.h */ = {isa = PBXFileReference; fileEncoding = 4; lastKnownFileType = sourcecode.c.h; path = mmc5_snd.h; sourceTree = "<group>"; };
		9443D42D1715F33C00E452AC /* nes_apu.c */ = {isa = PBXFileReference; fileEncoding = 4; lastKnownFileType = sourcecode.c.c; path = nes_apu.c; sourceTree = "<group>"; };
		9443D42E1715F33C00E452AC /* nes_apu.h */ = {isa = PBXFileReference; fileEncoding = 4; lastKnownFileType = sourcecode.c.h; path = nes_apu.h; sourceTree = "<group>"; };
		9443D42F1715F33C00E452AC /* vrcvisnd.c */ = {isa = PBXFileReference; fileEncoding = 4; lastKnownFileType = sourcecode.c.c; path = vrcvisnd.c; sourceTree = "<group>"; };
		9443D4301715F33C00E452AC /* vrcvisnd.h */ = {isa = PBXFileReference; fileEncoding = 4; lastKnownFileType = sourcecode.c.h; path = vrcvisnd.h; sourceTree = "<group>"; };
		9443D4311715F33C00E452AC /* nesapu-nosefart.c */ = {isa = PBXFileReference; fileEncoding = 4; lastKnownFileType = sourcecode.c.c; path = "nesapu-nosefart.c"; sourceTree = "<group>"; };
		9443D4321715F33C00E452AC /* nesapu.h */ = {isa = PBXFileReference; fileEncoding = 4; lastKnownFileType = sourcecode.c.h; path = nesapu.h; sourceTree = "<group>"; };
		9443D4331715F33C00E452AC /* sn76489.c */ = {isa = PBXFileReference; fileEncoding = 4; lastKnownFileType = sourcecode.c.c; path = sn76489.c; sourceTree = "<group>"; };
		9443D4341715F33C00E452AC /* sn76489.h */ = {isa = PBXFileReference; fileEncoding = 4; lastKnownFileType = sourcecode.c.h; path = sn76489.h; sourceTree = "<group>"; };
		9443D4351715F33C00E452AC /* sound.h */ = {isa = PBXFileReference; fileEncoding = 4; lastKnownFileType = sourcecode.c.h; path = sound.h; sourceTree = "<group>"; };
		9443D4361715F33C00E452AC /* ym2413.c */ = {isa = PBXFileReference; fileEncoding = 4; lastKnownFileType = sourcecode.c.c; path = ym2413.c; sourceTree = "<group>"; };
		9443D4371715F33C00E452AC /* ym2413.h */ = {isa = PBXFileReference; fileEncoding = 4; lastKnownFileType = sourcecode.c.h; path = ym2413.h; sourceTree = "<group>"; };
		9443D45B1715F67D00E452AC /* rom.c */ = {isa = PBXFileReference; fileEncoding = 4; lastKnownFileType = sourcecode.c.c; path = rom.c; sourceTree = "<group>"; };
		9443D45C1715F67D00E452AC /* rom.h */ = {isa = PBXFileReference; fileEncoding = 4; lastKnownFileType = sourcecode.c.h; path = rom.h; sourceTree = "<group>"; };
		B305F0AF276B665E003AE510 /* libcrabemu.a */ = {isa = PBXFileReference; explicitFileType = archive.ar; includeInIndex = 0; path = libcrabemu.a; sourceTree = BUILT_PRODUCTS_DIR; };
		B305F0EB276B6696003AE510 /* PVCrabEmu.framework */ = {isa = PBXFileReference; explicitFileType = wrapper.framework; includeInIndex = 0; path = PVCrabEmu.framework; sourceTree = BUILT_PRODUCTS_DIR; };
		B305F0ED276B6697003AE510 /* PVCrabEmu.h */ = {isa = PBXFileReference; lastKnownFileType = sourcecode.c.h; path = PVCrabEmu.h; sourceTree = "<group>"; };
		B305F0F8276B6789003AE510 /* PVSupport.framework */ = {isa = PBXFileReference; explicitFileType = wrapper.framework; path = PVSupport.framework; sourceTree = BUILT_PRODUCTS_DIR; };
		B305F0FD276B6B31003AE510 /* libbz2.tbd */ = {isa = PBXFileReference; lastKnownFileType = "sourcecode.text-based-dylib-definition"; name = libbz2.tbd; path = Platforms/MacOSX.platform/Developer/SDKs/MacOSX12.1.sdk/usr/lib/libbz2.tbd; sourceTree = DEVELOPER_DIR; };
		B305F0FF276B6B73003AE510 /* unzip.c */ = {isa = PBXFileReference; lastKnownFileType = sourcecode.c.c; name = unzip.c; path = utils/minizip/unzip.c; sourceTree = "<group>"; };
		B305F101276B6BA2003AE510 /* ioapi.c */ = {isa = PBXFileReference; lastKnownFileType = sourcecode.c.c; name = ioapi.c; path = utils/minizip/ioapi.c; sourceTree = "<group>"; };
		B305F109276B6C7B003AE510 /* Core.plist */ = {isa = PBXFileReference; fileEncoding = 4; lastKnownFileType = text.plist.xml; path = Core.plist; sourceTree = "<group>"; };
		B305F158276B7167003AE510 /* PVSupport.framework */ = {isa = PBXFileReference; explicitFileType = wrapper.framework; path = PVSupport.framework; sourceTree = BUILT_PRODUCTS_DIR; };
		B3AEE314293F412E0050BDB6 /* BuildFlags.xcconfig */ = {isa = PBXFileReference; lastKnownFileType = text.xcconfig; path = BuildFlags.xcconfig; sourceTree = "<group>"; };
		B3B13AD62B4D1D05006701B9 /* PVSupport.framework */ = {isa = PBXFileReference; explicitFileType = wrapper.framework; path = PVSupport.framework; sourceTree = BUILT_PRODUCTS_DIR; };
		B3DEEF832942D08900A6957C /* PVSupport.framework */ = {isa = PBXFileReference; explicitFileType = wrapper.framework; path = PVSupport.framework; sourceTree = BUILT_PRODUCTS_DIR; };
		B3DEEF872942D60E00A6957C /* PVSupport.framework */ = {isa = PBXFileReference; explicitFileType = wrapper.framework; path = PVSupport.framework; sourceTree = BUILT_PRODUCTS_DIR; };
		B5DA7D8C0F5B28940008F047 /* CrabEmu.h */ = {isa = PBXFileReference; fileEncoding = 4; lastKnownFileType = sourcecode.c.h; path = CrabEmu.h; sourceTree = "<group>"; };
		C66DFC180F51D82F0080AA28 /* SMSGameCore.m */ = {isa = PBXFileReference; fileEncoding = 4; lastKnownFileType = sourcecode.c.objc; path = SMSGameCore.m; sourceTree = "<group>"; };
		C66DFC190F51D82F0080AA28 /* SMSGameCore.h */ = {isa = PBXFileReference; fileEncoding = 4; lastKnownFileType = sourcecode.c.h; path = SMSGameCore.h; sourceTree = "<group>"; };
		C6D120E71711302600E868A8 /* OpenEmuBase.framework */ = {isa = PBXFileReference; lastKnownFileType = wrapper.framework; path = OpenEmuBase.framework; sourceTree = BUILT_PRODUCTS_DIR; };
		D2F7E65807B2D6F200F64583 /* CoreData.framework */ = {isa = PBXFileReference; lastKnownFileType = wrapper.framework; name = CoreData.framework; path = System/Library/Frameworks/CoreData.framework; sourceTree = SDKROOT; };
/* End PBXFileReference section */

/* Begin PBXFrameworksBuildPhase section */
		B305F0AC276B665E003AE510 /* Frameworks */ = {
			isa = PBXFrameworksBuildPhase;
			buildActionMask = 2147483647;
			files = (
			);
			runOnlyForDeploymentPostprocessing = 0;
		};
		B305F0E8276B6696003AE510 /* Frameworks */ = {
			isa = PBXFrameworksBuildPhase;
			buildActionMask = 2147483647;
			files = (
				B3B13AD72B4D1D05006701B9 /* PVSupport.framework in Frameworks */,
				B305F0FE276B6B3C003AE510 /* libbz2.tbd in Frameworks */,
				B305F0F2276B66AB003AE510 /* libz.tbd in Frameworks */,
				B305F0F5276B6782003AE510 /* libcrabemu.a in Frameworks */,
				B305F0FC276B6790003AE510 /* Foundation.framework in Frameworks */,
			);
			runOnlyForDeploymentPostprocessing = 0;
		};
/* End PBXFrameworksBuildPhase section */

/* Begin PBXGroup section */
		089C166AFE841209C02AAC07 /* CrabEmu */ = {
			isa = PBXGroup;
			children = (
				B3AEE314293F412E0050BDB6 /* BuildFlags.xcconfig */,
				B305F101276B6BA2003AE510 /* ioapi.c */,
				B305F0FF276B6B73003AE510 /* unzip.c */,
				08FB77AFFE84173DC02AAC07 /* Classes */,
				32C88E010371C26100C91783 /* Other Sources */,
				089C167CFE841241C02AAC07 /* Resources */,
				B305F0EC276B6697003AE510 /* PVCrabEmu */,
				089C1671FE841209C02AAC07 /* Frameworks */,
				19C28FB8FE9D52D311CA2CBB /* Products */,
			);
			name = CrabEmu;
			sourceTree = "<group>";
			usesTabs = 0;
		};
		089C1671FE841209C02AAC07 /* Frameworks */ = {
			isa = PBXGroup;
			children = (
				B3B13AD62B4D1D05006701B9 /* PVSupport.framework */,
				B3DEEF872942D60E00A6957C /* PVSupport.framework */,
				B3DEEF832942D08900A6957C /* PVSupport.framework */,
				B305F158276B7167003AE510 /* PVSupport.framework */,
				B305F0FD276B6B31003AE510 /* libbz2.tbd */,
				B305F0F8276B6789003AE510 /* PVSupport.framework */,
				C6D120E71711302600E868A8 /* OpenEmuBase.framework */,
				1058C7ACFEA557BF11CA2CBB /* Linked Frameworks */,
				1058C7AEFEA557BF11CA2CBB /* Other Frameworks */,
			);
			name = Frameworks;
			sourceTree = "<group>";
		};
		089C167CFE841241C02AAC07 /* Resources */ = {
			isa = PBXGroup;
			children = (
				B305F109276B6C7B003AE510 /* Core.plist */,
				8D5B49B7048680CD000E48DA /* Info.plist */,
				089C167DFE841241C02AAC07 /* InfoPlist.strings */,
				3720DB4C0F19510D00744A9A /* CrabEmu.icns */,
			);
			name = Resources;
			sourceTree = "<group>";
		};
		08FB77AFFE84173DC02AAC07 /* Classes */ = {
			isa = PBXGroup;
			children = (
				C66DFC190F51D82F0080AA28 /* SMSGameCore.h */,
				C66DFC180F51D82F0080AA28 /* SMSGameCore.m */,
			);
			name = Classes;
			sourceTree = "<group>";
		};
		1058C7ACFEA557BF11CA2CBB /* Linked Frameworks */ = {
			isa = PBXGroup;
			children = (
				1B46D09C14293CAD0025EF88 /* libz.tbd */,
				1058C7ADFEA557BF11CA2CBB /* Cocoa.framework */,
			);
			name = "Linked Frameworks";
			sourceTree = "<group>";
		};
		1058C7AEFEA557BF11CA2CBB /* Other Frameworks */ = {
			isa = PBXGroup;
			children = (
				089C167FFE841241C02AAC07 /* AppKit.framework */,
				D2F7E65807B2D6F200F64583 /* CoreData.framework */,
				089C1672FE841209C02AAC07 /* Foundation.framework */,
			);
			name = "Other Frameworks";
			sourceTree = "<group>";
		};
		19C28FB8FE9D52D311CA2CBB /* Products */ = {
			isa = PBXGroup;
			children = (
				B305F0AF276B665E003AE510 /* libcrabemu.a */,
				B305F0EB276B6696003AE510 /* PVCrabEmu.framework */,
			);
			name = Products;
			sourceTree = "<group>";
		};
		27E3D4E11B65439900D8D8B5 /* fmemopen */ = {
			isa = PBXGroup;
			children = (
				27E3D4E21B6543BC00D8D8B5 /* fmemopen.c */,
				27E3D4E31B6543BC00D8D8B5 /* fmemopen.h */,
				27E3D4E51B6543D500D8D8B5 /* open_memstream.c */,
				27E3D4E61B6543D500D8D8B5 /* open_memstream.h */,
			);
			path = fmemopen;
			sourceTree = "<group>";
		};
		32C88E010371C26100C91783 /* Other Sources */ = {
			isa = PBXGroup;
			children = (
				27E3D4E11B65439900D8D8B5 /* fmemopen */,
				878700E41B675EF0006841C9 /* console.h */,
				B5DA7D8C0F5B28940008F047 /* CrabEmu.h */,
				9443D45B1715F67D00E452AC /* rom.c */,
				9443D45C1715F67D00E452AC /* rom.h */,
				B50C176B0E936FD500A8FA7E /* consoles */,
				B50C177E0E936FD500A8FA7E /* cpu */,
				B50C178B0E936FD500A8FA7E /* sound */,
				9443D46A1715FFA200E452AC /* utils */,
			);
			name = "Other Sources";
			sourceTree = "<group>";
		};
		878700D21B675E74006841C9 /* chip8 */ = {
			isa = PBXGroup;
			children = (
				878700DA1B675E9C006841C9 /* chip8.c */,
				878700DB1B675E9C006841C9 /* chip8.h */,
				878700DC1B675E9C006841C9 /* chip8cpu.c */,
				878700DD1B675E9C006841C9 /* chip8cpu.h */,
				878700DE1B675E9C006841C9 /* chip8cpuops.h */,
			);
			name = chip8;
			sourceTree = "<group>";
		};
		9443D39A1715F2EB00E452AC /* colecovision */ = {
			isa = PBXGroup;
			children = (
				9443D39B1715F2EB00E452AC /* colecomem.c */,
				9443D39C1715F2EB00E452AC /* colecomem.h */,
				9443D39D1715F2EB00E452AC /* colecovision.c */,
				9443D39E1715F2EB00E452AC /* colecovision.h */,
			);
			path = colecovision;
			sourceTree = "<group>";
		};
		9443D39F1715F2EB00E452AC /* nes */ = {
			isa = PBXGroup;
			children = (
				9443D3A01715F2EB00E452AC /* mappers */,
				9443D3A31715F2EB00E452AC /* nes.c */,
				9443D3A41715F2EB00E452AC /* nes.h */,
				9443D3A51715F2EB00E452AC /* nesmem.c */,
				9443D3A61715F2EB00E452AC /* nesmem.h */,
				9443D3A71715F2EB00E452AC /* nespalette.h */,
				9443D3A81715F2EB00E452AC /* nesppu.c */,
				9443D3A91715F2EB00E452AC /* nesppu.h */,
			);
			path = nes;
			sourceTree = "<group>";
		};
		9443D3A01715F2EB00E452AC /* mappers */ = {
			isa = PBXGroup;
			children = (
				9443D3A11715F2EB00E452AC /* nesmapper0.c */,
				9443D3A21715F2EB00E452AC /* nesmapper1.c */,
				878700DF1B675EB4006841C9 /* nesmapper2.c */,
				878700E01B675EB4006841C9 /* nesmapper3.c */,
				878700E11B675EB4006841C9 /* nesmapper7.c */,
				878700E21B675EB4006841C9 /* nesmapper9.c */,
				878700E31B675EB4006841C9 /* nesmapper66.c */,
			);
			path = mappers;
			sourceTree = "<group>";
		};
		9443D3AA1715F2EB00E452AC /* sms */ = {
			isa = PBXGroup;
			children = (
				9443D3AB1715F2EB00E452AC /* 93c46.c */,
				9443D3AC1715F2EB00E452AC /* 93c46.h */,
				9443D3AD1715F2EB00E452AC /* cheats.c */,
				9443D3AE1715F2EB00E452AC /* cheats.h */,
				9443D3AF1715F2EB00E452AC /* mapper-4PAA.c */,
				9443D3B01715F2EB00E452AC /* mapper-4PAA.h */,
				9443D3B11715F2EB00E452AC /* mapper-93c46.c */,
				9443D3B21715F2EB00E452AC /* mapper-93c46.h */,
				9443D3B31715F2EB00E452AC /* mapper-codemasters.c */,
				9443D3B41715F2EB00E452AC /* mapper-codemasters.h */,
				9443D3B51715F2EB00E452AC /* mapper-janggun.c */,
				9443D3B61715F2EB00E452AC /* mapper-janggun.h */,
				9443D3B71715F2EB00E452AC /* mapper-korean.c */,
				9443D3B81715F2EB00E452AC /* mapper-korean.h */,
				9443D3B91715F2EB00E452AC /* mapper-koreanmsx.c */,
				9443D3BA1715F2EB00E452AC /* mapper-koreanmsx.h */,
				9443D3BB1715F2EB00E452AC /* mapper-none.c */,
				9443D3BC1715F2EB00E452AC /* mapper-none.h */,
				9443D3BD1715F2EB00E452AC /* mapper-sega.c */,
				9443D3BE1715F2EB00E452AC /* mapper-sega.h */,
				9443D3BF1715F2EB00E452AC /* mapper-sg1000.c */,
				9443D3C01715F2EB00E452AC /* mapper-sg1000.h */,
				9443D3C11715F2EB00E452AC /* mappers.c */,
				9443D3C21715F2EB00E452AC /* mappers.h */,
				9443D3C31715F2EB00E452AC /* sdscterminal.c */,
				9443D3C41715F2EB00E452AC /* sdscterminal.h */,
				9443D3C51715F2EB00E452AC /* sms.c */,
				9443D3C61715F2EB00E452AC /* sms.h */,
				9443D3C71715F2EB00E452AC /* smsmem-gg.c */,
				9443D3C81715F2EB00E452AC /* smsmem-gg.h */,
				9443D3C91715F2EB00E452AC /* smsmem.c */,
				9443D3CA1715F2EB00E452AC /* smsmem.h */,
				9443D3CB1715F2EB00E452AC /* smsvcnt.h */,
				9443D3CC1715F2EB00E452AC /* smsvdp.c */,
				9443D3CD1715F2EB00E452AC /* smsvdp.h */,
				9443D3CE1715F2EB00E452AC /* smsz80-cz80.c */,
				9443D3D01715F2EB00E452AC /* smsz80.c */,
				9443D3D11715F2EB00E452AC /* smsz80.h */,
				9443D3D21715F2EB00E452AC /* terebi.c */,
				9443D3D31715F2EB00E452AC /* terebi.h */,
				9443D3D41715F2EB00E452AC /* tms9918a.c */,
				9443D3D51715F2EB00E452AC /* tms9918a.h */,
			);
			path = sms;
			sourceTree = "<group>";
		};
		9443D3F31715F31000E452AC /* Crab6502 */ = {
			isa = PBXGroup;
			children = (
				9443D3F41715F31000E452AC /* Crab6502.c */,
				9443D3F51715F31000E452AC /* Crab6502.h */,
				9443D3F61715F31000E452AC /* Crab6502_macros.h */,
				9443D3F71715F31000E452AC /* Crab6502_tables.h */,
				9443D3F81715F31000E452AC /* Crab6502d.c */,
				9443D3F91715F31000E452AC /* Crab6502d.h */,
				9443D3FA1715F31000E452AC /* Crab6502ops.h */,
			);
			path = Crab6502;
			sourceTree = "<group>";
		};
		9443D3FB1715F31000E452AC /* CrabZ80 */ = {
			isa = PBXGroup;
			children = (
				9443D3FC1715F31000E452AC /* CrabZ80.c */,
				9443D3FD1715F31000E452AC /* CrabZ80.h */,
				9443D3FE1715F31000E452AC /* CrabZ80_macros.h */,
				9443D3FF1715F31000E452AC /* CrabZ80_tables.h */,
				9443D4001715F31000E452AC /* CrabZ80d.c */,
				9443D4011715F31000E452AC /* CrabZ80d.h */,
				87ACB6E41D26C1F600138B7E /* CrabZ80_gbmacros.h */,
				87ACB6E51D26C1F600138B7E /* CrabZ80gbops.h */,
				87ACB6E61D26C1F700138B7E /* CrabZ80gbopsCB.h */,
				9443D4021715F31000E452AC /* CrabZ80ops.h */,
				9443D4031715F31000E452AC /* CrabZ80opsCB.h */,
				9443D4041715F31000E452AC /* CrabZ80opsDD-FD.h */,
				9443D4051715F31000E452AC /* CrabZ80opsDDCB-FDCB.h */,
				9443D4061715F31000E452AC /* CrabZ80opsED.h */,
			);
			path = CrabZ80;
			sourceTree = "<group>";
		};
		9443D4071715F31000E452AC /* cz80 */ = {
			isa = PBXGroup;
			children = (
				9443D4081715F31000E452AC /* cz80.c */,
				9443D4091715F31000E452AC /* cz80.h */,
				9443D40A1715F31000E452AC /* cz80.inc */,
				9443D40B1715F31000E452AC /* cz80_op.inc */,
				9443D40C1715F31000E452AC /* cz80_opCB.inc */,
				9443D40D1715F31000E452AC /* cz80_opED.inc */,
				9443D40E1715F31000E452AC /* cz80_opXY.inc */,
				9443D40F1715F31000E452AC /* cz80_opXYCB.inc */,
				9443D4101715F31000E452AC /* cz80exec.inc */,
				9443D4111715F31000E452AC /* cz80jmp.inc */,
				9443D4121715F31000E452AC /* readme.txt */,
			);
			path = cz80;
			sourceTree = "<group>";
		};
		9443D4251715F33C00E452AC /* coreaudio */ = {
			isa = PBXGroup;
			children = (
				9443D4261715F33C00E452AC /* sound.c */,
			);
			path = coreaudio;
			sourceTree = "<group>";
		};
		9443D4271715F33C00E452AC /* nes_apu */ = {
			isa = PBXGroup;
			children = (
				9443D4281715F33C00E452AC /* COPYING */,
				9443D4291715F33C00E452AC /* fds_snd.c */,
				9443D42A1715F33C00E452AC /* fds_snd.h */,
				9443D42B1715F33C00E452AC /* mmc5_snd.c */,
				9443D42C1715F33C00E452AC /* mmc5_snd.h */,
				9443D42D1715F33C00E452AC /* nes_apu.c */,
				9443D42E1715F33C00E452AC /* nes_apu.h */,
				9443D42F1715F33C00E452AC /* vrcvisnd.c */,
				9443D4301715F33C00E452AC /* vrcvisnd.h */,
			);
			path = nes_apu;
			sourceTree = "<group>";
		};
		9443D46A1715FFA200E452AC /* utils */ = {
			isa = PBXGroup;
			children = (
				878700D11B674AB3006841C9 /* queue.h */,
			);
			name = utils;
			sourceTree = "<group>";
		};
		B305F0EC276B6697003AE510 /* PVCrabEmu */ = {
			isa = PBXGroup;
			children = (
				B305F0ED276B6697003AE510 /* PVCrabEmu.h */,
			);
			path = PVCrabEmu;
			sourceTree = "<group>";
		};
		B50C176B0E936FD500A8FA7E /* consoles */ = {
			isa = PBXGroup;
			children = (
				878700D21B675E74006841C9 /* chip8 */,
				9443D39A1715F2EB00E452AC /* colecovision */,
				9443D39F1715F2EB00E452AC /* nes */,
				9443D3AA1715F2EB00E452AC /* sms */,
			);
			path = consoles;
			sourceTree = "<group>";
		};
		B50C177E0E936FD500A8FA7E /* cpu */ = {
			isa = PBXGroup;
			children = (
				9443D3F31715F31000E452AC /* Crab6502 */,
				9443D3FB1715F31000E452AC /* CrabZ80 */,
				9443D4071715F31000E452AC /* cz80 */,
			);
			path = cpu;
			sourceTree = "<group>";
		};
		B50C178B0E936FD500A8FA7E /* sound */ = {
			isa = PBXGroup;
			children = (
				9443D4251715F33C00E452AC /* coreaudio */,
				9443D4271715F33C00E452AC /* nes_apu */,
				9443D4311715F33C00E452AC /* nesapu-nosefart.c */,
				9443D4321715F33C00E452AC /* nesapu.h */,
				9443D4331715F33C00E452AC /* sn76489.c */,
				9443D4341715F33C00E452AC /* sn76489.h */,
				9443D4351715F33C00E452AC /* sound.h */,
				9443D4361715F33C00E452AC /* ym2413.c */,
				9443D4371715F33C00E452AC /* ym2413.h */,
			);
			path = sound;
			sourceTree = "<group>";
		};
/* End PBXGroup section */

/* Begin PBXHeadersBuildPhase section */
		B305F0E6276B6696003AE510 /* Headers */ = {
			isa = PBXHeadersBuildPhase;
			buildActionMask = 2147483647;
			files = (
				B305F0EE276B6697003AE510 /* PVCrabEmu.h in Headers */,
				B3B13AD52B4D1CA4006701B9 /* SMSGameCore.h in Headers */,
			);
			runOnlyForDeploymentPostprocessing = 0;
		};
/* End PBXHeadersBuildPhase section */

/* Begin PBXNativeTarget section */
		B305F0AE276B665E003AE510 /* crabemu */ = {
			isa = PBXNativeTarget;
			buildConfigurationList = B305F0B7276B665F003AE510 /* Build configuration list for PBXNativeTarget "crabemu" */;
			buildPhases = (
				B305F0AB276B665E003AE510 /* Sources */,
				B305F0AC276B665E003AE510 /* Frameworks */,
				B305F0AD276B665E003AE510 /* CopyFiles */,
			);
			buildRules = (
			);
			dependencies = (
			);
			name = crabemu;
			productName = crabemu;
			productReference = B305F0AF276B665E003AE510 /* libcrabemu.a */;
			productType = "com.apple.product-type.library.static";
		};
		B305F0EA276B6696003AE510 /* PVCrabEmu */ = {
			isa = PBXNativeTarget;
			buildConfigurationList = B305F0EF276B6697003AE510 /* Build configuration list for PBXNativeTarget "PVCrabEmu" */;
			buildPhases = (
				B305F0E6276B6696003AE510 /* Headers */,
				B305F0E7276B6696003AE510 /* Sources */,
				B305F0E8276B6696003AE510 /* Frameworks */,
				B305F0E9276B6696003AE510 /* Resources */,
			);
			buildRules = (
			);
			dependencies = (
				B305F0F7276B6782003AE510 /* PBXTargetDependency */,
			);
			name = PVCrabEmu;
			productName = PVCrabEmu;
			productReference = B305F0EB276B6696003AE510 /* PVCrabEmu.framework */;
			productType = "com.apple.product-type.framework";
		};
/* End PBXNativeTarget section */

/* Begin PBXProject section */
		089C1669FE841209C02AAC07 /* Project object */ = {
			isa = PBXProject;
			attributes = {
				LastUpgradeCheck = 0700;
				ORGANIZATIONNAME = "Provenance EMU";
				TargetAttributes = {
					B305F0AE276B665E003AE510 = {
						CreatedOnToolsVersion = 13.2;
						DevelopmentTeam = S32Z3HMYVQ;
						ProvisioningStyle = Automatic;
					};
					B305F0EA276B6696003AE510 = {
						CreatedOnToolsVersion = 13.2;
						DevelopmentTeam = S32Z3HMYVQ;
						ProvisioningStyle = Automatic;
					};
				};
			};
			buildConfigurationList = 1DEB913E08733D840010E9CD /* Build configuration list for PBXProject "PVCrabEmu" */;
			compatibilityVersion = "Xcode 15.3";
			developmentRegion = en;
			hasScannedForEncodings = 1;
			knownRegions = (
				en,
			);
			mainGroup = 089C166AFE841209C02AAC07 /* CrabEmu */;
			minimizedProjectReferenceProxies = 1;
			projectDirPath = "";
			projectRoot = "";
			targets = (
				B305F0EA276B6696003AE510 /* PVCrabEmu */,
				B305F0AE276B665E003AE510 /* crabemu */,
			);
		};
/* End PBXProject section */

/* Begin PBXResourcesBuildPhase section */
		B305F0E9276B6696003AE510 /* Resources */ = {
			isa = PBXResourcesBuildPhase;
			buildActionMask = 2147483647;
			files = (
				B305F10A276B6C7C003AE510 /* Core.plist in Resources */,
			);
			runOnlyForDeploymentPostprocessing = 0;
		};
/* End PBXResourcesBuildPhase section */

/* Begin PBXSourcesBuildPhase section */
		B305F0AB276B665E003AE510 /* Sources */ = {
			isa = PBXSourcesBuildPhase;
			buildActionMask = 2147483647;
			files = (
				B305F0D5276B6675003AE510 /* Crab6502.c in Sources */,
				B305F0C0276B6675003AE510 /* rom.c in Sources */,
				B305F0DC276B6675003AE510 /* nesppu.c in Sources */,
				B305F0D6276B6675003AE510 /* CrabZ80d.c in Sources */,
				B305F0CF276B6675003AE510 /* mmc5_snd.c in Sources */,
				B305F0D2276B6675003AE510 /* vrcvisnd.c in Sources */,
				B305F0DB276B6675003AE510 /* Crab6502d.c in Sources */,
				B305F0C7276B6675003AE510 /* 93c46.c in Sources */,
				B305F0D4276B6675003AE510 /* nesmapper7.c in Sources */,
				B305F0C5276B6675003AE510 /* mapper-codemasters.c in Sources */,
				B305F0C9276B6675003AE510 /* mapper-koreanmsx.c in Sources */,
				B305F0E1276B6675003AE510 /* mapper-sg1000.c in Sources */,
				B305F0C2276B6675003AE510 /* nesmem.c in Sources */,
				B305F0D9276B6675003AE510 /* nesmapper2.c in Sources */,
				B305F0CD276B6675003AE510 /* tms9918a.c in Sources */,
				B305F0C1276B6675003AE510 /* nesmapper9.c in Sources */,
				B305F0D3276B6675003AE510 /* nesmapper1.c in Sources */,
				B305F0BA276B6675003AE510 /* smsmem.c in Sources */,
				B305F0E5276B6675003AE510 /* mapper-korean.c in Sources */,
				B305F0BB276B6675003AE510 /* ym2413.c in Sources */,
				B305F0BD276B6675003AE510 /* colecovision.c in Sources */,
				B305F0D7276B6675003AE510 /* colecomem.c in Sources */,
				B305F0E3276B6675003AE510 /* nesmapper66.c in Sources */,
				B305F0D8276B6675003AE510 /* mapper-93c46.c in Sources */,
				B305F0E0276B6675003AE510 /* nes_apu.c in Sources */,
				B305F0CB276B6675003AE510 /* smsz80.c in Sources */,
				B305F0B9276B6675003AE510 /* sdscterminal.c in Sources */,
				B305F0DF276B6675003AE510 /* nesmapper0.c in Sources */,
				B305F0BF276B6675003AE510 /* terebi.c in Sources */,
				B305F0C8276B6675003AE510 /* open_memstream.c in Sources */,
				B305F0E2276B6675003AE510 /* smsvdp.c in Sources */,
				B305F0DA276B6675003AE510 /* mapper-none.c in Sources */,
				B305F0D1276B6675003AE510 /* fmemopen.c in Sources */,
				B305F0E4276B6675003AE510 /* nesapu-nosefart.c in Sources */,
				B305F0DD276B6675003AE510 /* mapper-sega.c in Sources */,
				B305F0BE276B6675003AE510 /* nesmapper3.c in Sources */,
				B305F0DE276B6675003AE510 /* mappers.c in Sources */,
				B305F0CC276B6675003AE510 /* fds_snd.c in Sources */,
				B305F0CE276B6675003AE510 /* CrabZ80.c in Sources */,
				B305F0C6276B6675003AE510 /* mapper-janggun.c in Sources */,
				B305F0C3276B6675003AE510 /* cheats.c in Sources */,
				B3AEE315293F41CC0050BDB6 /* smsmem-gg.c in Sources */,
				B305F0B8276B6675003AE510 /* nes.c in Sources */,
				B305F0C4276B6675003AE510 /* mapper-4PAA.c in Sources */,
				B305F0BC276B6675003AE510 /* sms.c in Sources */,
				B305F100276B6B74003AE510 /* unzip.c in Sources */,
				B305F102276B6BA2003AE510 /* ioapi.c in Sources */,
				B305F0D0276B6675003AE510 /* sn76489.c in Sources */,
			);
			runOnlyForDeploymentPostprocessing = 0;
		};
		B305F0E7276B6696003AE510 /* Sources */ = {
			isa = PBXSourcesBuildPhase;
			buildActionMask = 2147483647;
			files = (
				B305F0F4276B66BC003AE510 /* SMSGameCore.m in Sources */,
			);
			runOnlyForDeploymentPostprocessing = 0;
		};
/* End PBXSourcesBuildPhase section */

/* Begin PBXTargetDependency section */
		B305F0F7276B6782003AE510 /* PBXTargetDependency */ = {
			isa = PBXTargetDependency;
			target = B305F0AE276B665E003AE510 /* crabemu */;
			targetProxy = B305F0F6276B6782003AE510 /* PBXContainerItemProxy */;
		};
/* End PBXTargetDependency section */

/* Begin PBXVariantGroup section */
		089C167DFE841241C02AAC07 /* InfoPlist.strings */ = {
			isa = PBXVariantGroup;
			children = (
				089C167EFE841241C02AAC07 /* en */,
			);
			name = InfoPlist.strings;
			sourceTree = "<group>";
		};
/* End PBXVariantGroup section */

/* Begin XCBuildConfiguration section */
		1DEB913F08733D840010E9CD /* Debug */ = {
			isa = XCBuildConfiguration;
			baseConfigurationReference = B3AEE314293F412E0050BDB6 /* BuildFlags.xcconfig */;
			buildSettings = {
				ALLOW_TARGET_PLATFORM_SPECIALIZATION = NO;
				ALWAYS_SEARCH_USER_PATHS = NO;
				CLANG_ENABLE_MODULES = YES;
				CLANG_ENABLE_OBJC_ARC = YES;
				CLANG_WARN_BOOL_CONVERSION = YES;
				CLANG_WARN_CONSTANT_CONVERSION = YES;
				CLANG_WARN_EMPTY_BODY = YES;
				CLANG_WARN_ENUM_CONVERSION = YES;
				CLANG_WARN_INT_CONVERSION = YES;
				CLANG_WARN_UNREACHABLE_CODE = YES;
				CLANG_WARN__DUPLICATE_METHOD_MATCH = YES;
				DEAD_CODE_STRIPPING = YES;
				DEBUG_INFORMATION_FORMAT = "dwarf-with-dsym";
				ENABLE_BITCODE = NO;
				ENABLE_STRICT_OBJC_MSGSEND = YES;
				ENABLE_TESTABILITY = NO;
				GCC_C_LANGUAGE_STANDARD = gnu99;
				GCC_INCREASE_PRECOMPILED_HEADER_SHARING = YES;
				GCC_OPTIMIZATION_LEVEL = 0;
				GCC_SYMBOLS_PRIVATE_EXTERN = YES;
				GCC_VERSION = com.apple.compilers.llvm.clang.1_0;
				GCC_WARN_64_TO_32_BIT_CONVERSION = YES;
				GCC_WARN_ABOUT_RETURN_TYPE = YES;
				GCC_WARN_UNDECLARED_SELECTOR = YES;
				GCC_WARN_UNINITIALIZED_AUTOS = YES;
				GCC_WARN_UNUSED_FUNCTION = YES;
				GCC_WARN_UNUSED_VARIABLE = YES;
				HEADER_SEARCH_PATHS = (
					"\"$(SRCROOT)/utils/minizip\"",
					"\"$(SRCROOT)/utils/scale2x\"",
					"\"$(SRCROOT)/utils\"",
				);
				INSTALL_PATH = "$(HOME)/Library/Bundles";
				IPHONEOS_DEPLOYMENT_TARGET = 13.0;
				MACOSX_DEPLOYMENT_TARGET = 10.13;
				ONLY_ACTIVE_ARCH = YES;
				OTHER_CFLAGS = (
					"-DCRABZ80_NO_READMAP_FALLBACK",
					"-DIN_CRABEMU",
					"$(inherited)",
				);
				SDKROOT = auto;
				SUPPORTED_PLATFORMS = "xrsimulator xros macosx iphonesimulator iphoneos appletvsimulator appletvos";
				SUPPORTS_MACCATALYST = YES;
				TVOS_DEPLOYMENT_TARGET = 13.0;
			};
			name = Debug;
		};
		1DEB914008733D840010E9CD /* Release */ = {
			isa = XCBuildConfiguration;
			baseConfigurationReference = B3AEE314293F412E0050BDB6 /* BuildFlags.xcconfig */;
			buildSettings = {
				ALLOW_TARGET_PLATFORM_SPECIALIZATION = YES;
				ALWAYS_SEARCH_USER_PATHS = NO;
				CLANG_ENABLE_MODULES = YES;
				CLANG_ENABLE_OBJC_ARC = YES;
				CLANG_WARN_BOOL_CONVERSION = YES;
				CLANG_WARN_CONSTANT_CONVERSION = YES;
				CLANG_WARN_EMPTY_BODY = YES;
				CLANG_WARN_ENUM_CONVERSION = YES;
				CLANG_WARN_INT_CONVERSION = YES;
				CLANG_WARN_UNREACHABLE_CODE = YES;
				CLANG_WARN__DUPLICATE_METHOD_MATCH = YES;
				DEAD_CODE_STRIPPING = YES;
				DEBUG_INFORMATION_FORMAT = "dwarf-with-dsym";
				ENABLE_BITCODE = NO;
				ENABLE_STRICT_OBJC_MSGSEND = YES;
				ENABLE_TESTABILITY = NO;
				GCC_C_LANGUAGE_STANDARD = gnu99;
				GCC_INCREASE_PRECOMPILED_HEADER_SHARING = YES;
				GCC_OPTIMIZATION_LEVEL = 3;
				GCC_SYMBOLS_PRIVATE_EXTERN = YES;
				GCC_VERSION = com.apple.compilers.llvm.clang.1_0;
				GCC_WARN_64_TO_32_BIT_CONVERSION = YES;
				GCC_WARN_ABOUT_RETURN_TYPE = YES;
				GCC_WARN_UNDECLARED_SELECTOR = YES;
				GCC_WARN_UNINITIALIZED_AUTOS = YES;
				GCC_WARN_UNUSED_FUNCTION = YES;
				GCC_WARN_UNUSED_VARIABLE = YES;
				HEADER_SEARCH_PATHS = (
					"\"$(SRCROOT)/utils/minizip\"",
					"\"$(SRCROOT)/utils/scale2x\"",
					"\"$(SRCROOT)/utils\"",
				);
				INSTALL_PATH = "$(HOME)/Library/Bundles";
				IPHONEOS_DEPLOYMENT_TARGET = 13.0;
				MACOSX_DEPLOYMENT_TARGET = 10.13;
				OTHER_CFLAGS = (
					"-DCRABZ80_NO_READMAP_FALLBACK",
					"-DIN_CRABEMU",
					"$(inherited)",
				);
				SDKROOT = auto;
				SUPPORTED_PLATFORMS = "xrsimulator xros macosx iphonesimulator iphoneos appletvsimulator appletvos";
				SUPPORTS_MACCATALYST = YES;
				TVOS_DEPLOYMENT_TARGET = 13.0;
			};
			name = Release;
		};
		B305F0B5276B665F003AE510 /* Debug */ = {
			isa = XCBuildConfiguration;
			buildSettings = {
				CLANG_ANALYZER_NONNULL = YES;
				CLANG_ANALYZER_NUMBER_OBJECT_CONVERSION = YES_AGGRESSIVE;
				CLANG_CXX_LANGUAGE_STANDARD = "gnu++17";
				CLANG_CXX_LIBRARY = "libc++";
				CLANG_ENABLE_OBJC_WEAK = YES;
				CLANG_WARN_BLOCK_CAPTURE_AUTORELEASING = YES;
				CLANG_WARN_COMMA = YES;
				CLANG_WARN_DEPRECATED_OBJC_IMPLEMENTATIONS = YES;
				CLANG_WARN_DIRECT_OBJC_ISA_USAGE = YES_ERROR;
				CLANG_WARN_DOCUMENTATION_COMMENTS = YES;
				CLANG_WARN_INFINITE_RECURSION = YES;
				CLANG_WARN_NON_LITERAL_NULL_CONVERSION = YES;
				CLANG_WARN_OBJC_IMPLICIT_RETAIN_SELF = YES;
				CLANG_WARN_OBJC_LITERAL_CONVERSION = YES;
				CLANG_WARN_OBJC_ROOT_CLASS = YES_ERROR;
				CLANG_WARN_QUOTED_INCLUDE_IN_FRAMEWORK_HEADER = YES;
				CLANG_WARN_RANGE_LOOP_ANALYSIS = YES;
				CLANG_WARN_STRICT_PROTOTYPES = YES;
				CLANG_WARN_SUSPICIOUS_MOVE = YES;
				CLANG_WARN_UNGUARDED_AVAILABILITY = YES_AGGRESSIVE;
				CODE_SIGN_STYLE = Automatic;
				COPY_PHASE_STRIP = NO;
				DEBUG_INFORMATION_FORMAT = dwarf;
				DEVELOPMENT_TEAM = S32Z3HMYVQ;
				ENABLE_TESTABILITY = YES;
				GCC_C_LANGUAGE_STANDARD = gnu11;
				GCC_DYNAMIC_NO_PIC = NO;
				GCC_NO_COMMON_BLOCKS = YES;
				GCC_PREPROCESSOR_DEFINITIONS = (
					"DEBUG=1",
					"$(inherited)",
				);
				GCC_WARN_ABOUT_RETURN_TYPE = YES_ERROR;
				GCC_WARN_INHIBIT_ALL_WARNINGS = YES;
				GCC_WARN_UNINITIALIZED_AUTOS = YES_AGGRESSIVE;
				MTL_ENABLE_DEBUG_INFO = INCLUDE_SOURCE;
				MTL_FAST_MATH = YES;
				OTHER_LDFLAGS = (
					"-ObjC",
					"$(inherited)",
				);
				PRODUCT_NAME = "$(TARGET_NAME)";
				SKIP_INSTALL = YES;
				SUPPORTS_MACCATALYST = YES;
				TARGETED_DEVICE_FAMILY = "1,2,3,4,6";
			};
			name = Debug;
		};
		B305F0B6276B665F003AE510 /* Release */ = {
			isa = XCBuildConfiguration;
			buildSettings = {
				CLANG_ANALYZER_NONNULL = YES;
				CLANG_ANALYZER_NUMBER_OBJECT_CONVERSION = YES_AGGRESSIVE;
				CLANG_CXX_LANGUAGE_STANDARD = "gnu++17";
				CLANG_CXX_LIBRARY = "libc++";
				CLANG_ENABLE_OBJC_WEAK = YES;
				CLANG_WARN_BLOCK_CAPTURE_AUTORELEASING = YES;
				CLANG_WARN_COMMA = YES;
				CLANG_WARN_DEPRECATED_OBJC_IMPLEMENTATIONS = YES;
				CLANG_WARN_DIRECT_OBJC_ISA_USAGE = YES_ERROR;
				CLANG_WARN_DOCUMENTATION_COMMENTS = YES;
				CLANG_WARN_INFINITE_RECURSION = YES;
				CLANG_WARN_NON_LITERAL_NULL_CONVERSION = YES;
				CLANG_WARN_OBJC_IMPLICIT_RETAIN_SELF = YES;
				CLANG_WARN_OBJC_LITERAL_CONVERSION = YES;
				CLANG_WARN_OBJC_ROOT_CLASS = YES_ERROR;
				CLANG_WARN_QUOTED_INCLUDE_IN_FRAMEWORK_HEADER = YES;
				CLANG_WARN_RANGE_LOOP_ANALYSIS = YES;
				CLANG_WARN_STRICT_PROTOTYPES = YES;
				CLANG_WARN_SUSPICIOUS_MOVE = YES;
				CLANG_WARN_UNGUARDED_AVAILABILITY = YES_AGGRESSIVE;
				CODE_SIGN_STYLE = Automatic;
				COPY_PHASE_STRIP = NO;
				DEVELOPMENT_TEAM = S32Z3HMYVQ;
				ENABLE_NS_ASSERTIONS = NO;
				GCC_C_LANGUAGE_STANDARD = gnu11;
				GCC_NO_COMMON_BLOCKS = YES;
				GCC_WARN_ABOUT_RETURN_TYPE = YES_ERROR;
				GCC_WARN_INHIBIT_ALL_WARNINGS = YES;
				GCC_WARN_UNINITIALIZED_AUTOS = YES_AGGRESSIVE;
				MTL_ENABLE_DEBUG_INFO = NO;
				MTL_FAST_MATH = YES;
				OTHER_LDFLAGS = (
					"-ObjC",
					"$(inherited)",
				);
				PRODUCT_NAME = "$(TARGET_NAME)";
				SKIP_INSTALL = YES;
				SUPPORTS_MACCATALYST = YES;
				TARGETED_DEVICE_FAMILY = "1,2,3,4,6";
				VALIDATE_PRODUCT = YES;
			};
			name = Release;
		};
		B305F0F0276B6697003AE510 /* Debug */ = {
			isa = XCBuildConfiguration;
			buildSettings = {
				CLANG_ANALYZER_NONNULL = YES;
				CLANG_ANALYZER_NUMBER_OBJECT_CONVERSION = YES_AGGRESSIVE;
				CLANG_CXX_LANGUAGE_STANDARD = "gnu++17";
				CLANG_CXX_LIBRARY = "libc++";
				CLANG_ENABLE_OBJC_WEAK = YES;
				CLANG_WARN_BLOCK_CAPTURE_AUTORELEASING = YES;
				CLANG_WARN_COMMA = YES;
				CLANG_WARN_DEPRECATED_OBJC_IMPLEMENTATIONS = YES;
				CLANG_WARN_DIRECT_OBJC_ISA_USAGE = YES_ERROR;
				CLANG_WARN_DOCUMENTATION_COMMENTS = YES;
				CLANG_WARN_INFINITE_RECURSION = YES;
				CLANG_WARN_NON_LITERAL_NULL_CONVERSION = YES;
				CLANG_WARN_OBJC_IMPLICIT_RETAIN_SELF = YES;
				CLANG_WARN_OBJC_LITERAL_CONVERSION = YES;
				CLANG_WARN_OBJC_ROOT_CLASS = YES_ERROR;
				CLANG_WARN_QUOTED_INCLUDE_IN_FRAMEWORK_HEADER = YES;
				CLANG_WARN_RANGE_LOOP_ANALYSIS = YES;
				CLANG_WARN_STRICT_PROTOTYPES = YES;
				CLANG_WARN_SUSPICIOUS_MOVE = YES;
				CLANG_WARN_UNGUARDED_AVAILABILITY = YES_AGGRESSIVE;
				CODE_SIGN_IDENTITY = "Apple Development";
				CODE_SIGN_STYLE = Automatic;
				COPY_PHASE_STRIP = NO;
				CURRENT_PROJECT_VERSION = 1;
				DEBUG_INFORMATION_FORMAT = dwarf;
				DEFINES_MODULE = YES;
				DEVELOPMENT_TEAM = S32Z3HMYVQ;
				DYLIB_COMPATIBILITY_VERSION = 1;
				DYLIB_CURRENT_VERSION = 1;
				DYLIB_INSTALL_NAME_BASE = "@rpath";
				ENABLE_TESTABILITY = YES;
				GCC_C_LANGUAGE_STANDARD = gnu11;
				GCC_DYNAMIC_NO_PIC = NO;
				GCC_NO_COMMON_BLOCKS = YES;
				GCC_PREPROCESSOR_DEFINITIONS = (
					"DEBUG=1",
					"$(inherited)",
				);
				GCC_WARN_ABOUT_RETURN_TYPE = YES_ERROR;
				GCC_WARN_UNINITIALIZED_AUTOS = YES_AGGRESSIVE;
				GENERATE_INFOPLIST_FILE = YES;
				INFOPLIST_KEY_NSHumanReadableCopyright = "";
				INSTALL_PATH = "$(LOCAL_LIBRARY_DIR)/Frameworks";
				LD_RUNPATH_SEARCH_PATHS = (
					"$(inherited)",
					"@executable_path/Frameworks",
					"@loader_path/Frameworks",
				);
				MARKETING_VERSION = 1.0;
				MTL_ENABLE_DEBUG_INFO = INCLUDE_SOURCE;
				MTL_FAST_MATH = YES;
				PRODUCT_BUNDLE_IDENTIFIER = "org.provenance-emu.PVCrabEmu";
				PRODUCT_NAME = "$(TARGET_NAME:c99extidentifier)";
				PROVISIONING_PROFILE_SPECIFIER = "";
				SKIP_INSTALL = YES;
				SUPPORTS_MACCATALYST = YES;
				SWIFT_EMIT_LOC_STRINGS = YES;
				TARGETED_DEVICE_FAMILY = "1,2,3,4,6";
				VERSIONING_SYSTEM = "apple-generic";
				VERSION_INFO_PREFIX = "";
			};
			name = Debug;
		};
		B305F0F1276B6697003AE510 /* Release */ = {
			isa = XCBuildConfiguration;
			buildSettings = {
				CLANG_ANALYZER_NONNULL = YES;
				CLANG_ANALYZER_NUMBER_OBJECT_CONVERSION = YES_AGGRESSIVE;
				CLANG_CXX_LANGUAGE_STANDARD = "gnu++17";
				CLANG_CXX_LIBRARY = "libc++";
				CLANG_ENABLE_OBJC_WEAK = YES;
				CLANG_WARN_BLOCK_CAPTURE_AUTORELEASING = YES;
				CLANG_WARN_COMMA = YES;
				CLANG_WARN_DEPRECATED_OBJC_IMPLEMENTATIONS = YES;
				CLANG_WARN_DIRECT_OBJC_ISA_USAGE = YES_ERROR;
				CLANG_WARN_DOCUMENTATION_COMMENTS = YES;
				CLANG_WARN_INFINITE_RECURSION = YES;
				CLANG_WARN_NON_LITERAL_NULL_CONVERSION = YES;
				CLANG_WARN_OBJC_IMPLICIT_RETAIN_SELF = YES;
				CLANG_WARN_OBJC_LITERAL_CONVERSION = YES;
				CLANG_WARN_OBJC_ROOT_CLASS = YES_ERROR;
				CLANG_WARN_QUOTED_INCLUDE_IN_FRAMEWORK_HEADER = YES;
				CLANG_WARN_RANGE_LOOP_ANALYSIS = YES;
				CLANG_WARN_STRICT_PROTOTYPES = YES;
				CLANG_WARN_SUSPICIOUS_MOVE = YES;
				CLANG_WARN_UNGUARDED_AVAILABILITY = YES_AGGRESSIVE;
				CODE_SIGN_IDENTITY = "Apple Development";
				CODE_SIGN_STYLE = Automatic;
				COPY_PHASE_STRIP = NO;
				CURRENT_PROJECT_VERSION = 1;
				DEFINES_MODULE = YES;
				DEVELOPMENT_TEAM = S32Z3HMYVQ;
				DYLIB_COMPATIBILITY_VERSION = 1;
				DYLIB_CURRENT_VERSION = 1;
				DYLIB_INSTALL_NAME_BASE = "@rpath";
				ENABLE_NS_ASSERTIONS = NO;
				GCC_C_LANGUAGE_STANDARD = gnu11;
				GCC_NO_COMMON_BLOCKS = YES;
				GCC_WARN_ABOUT_RETURN_TYPE = YES_ERROR;
				GCC_WARN_UNINITIALIZED_AUTOS = YES_AGGRESSIVE;
				GENERATE_INFOPLIST_FILE = YES;
				INFOPLIST_KEY_NSHumanReadableCopyright = "";
				INSTALL_PATH = "$(LOCAL_LIBRARY_DIR)/Frameworks";
				LD_RUNPATH_SEARCH_PATHS = (
					"$(inherited)",
					"@executable_path/Frameworks",
					"@loader_path/Frameworks",
				);
				MARKETING_VERSION = 1.0;
				MTL_ENABLE_DEBUG_INFO = NO;
				MTL_FAST_MATH = YES;
				PRODUCT_BUNDLE_IDENTIFIER = "org.provenance-emu.PVCrabEmu";
				PRODUCT_NAME = "$(TARGET_NAME:c99extidentifier)";
				PROVISIONING_PROFILE_SPECIFIER = "";
				SKIP_INSTALL = YES;
				SUPPORTS_MACCATALYST = YES;
				SWIFT_EMIT_LOC_STRINGS = YES;
				TARGETED_DEVICE_FAMILY = "1,2,3,4,6";
				VALIDATE_PRODUCT = YES;
				VERSIONING_SYSTEM = "apple-generic";
				VERSION_INFO_PREFIX = "";
			};
			name = Release;
		};
		B3DEEF8B2942EEC800A6957C /* Archive */ = {
			isa = XCBuildConfiguration;
			baseConfigurationReference = B3AEE314293F412E0050BDB6 /* BuildFlags.xcconfig */;
			buildSettings = {
				ALLOW_TARGET_PLATFORM_SPECIALIZATION = YES;
				ALWAYS_SEARCH_USER_PATHS = NO;
				CLANG_ENABLE_MODULES = YES;
				CLANG_ENABLE_OBJC_ARC = YES;
				CLANG_WARN_BOOL_CONVERSION = YES;
				CLANG_WARN_CONSTANT_CONVERSION = YES;
				CLANG_WARN_EMPTY_BODY = YES;
				CLANG_WARN_ENUM_CONVERSION = YES;
				CLANG_WARN_INT_CONVERSION = YES;
				CLANG_WARN_UNREACHABLE_CODE = YES;
				CLANG_WARN__DUPLICATE_METHOD_MATCH = YES;
				DEAD_CODE_STRIPPING = YES;
				DEBUG_INFORMATION_FORMAT = "dwarf-with-dsym";
				ENABLE_BITCODE = NO;
				ENABLE_STRICT_OBJC_MSGSEND = YES;
				ENABLE_TESTABILITY = NO;
				GCC_C_LANGUAGE_STANDARD = gnu99;
				GCC_INCREASE_PRECOMPILED_HEADER_SHARING = YES;
				GCC_OPTIMIZATION_LEVEL = 3;
				GCC_SYMBOLS_PRIVATE_EXTERN = YES;
				GCC_VERSION = com.apple.compilers.llvm.clang.1_0;
				GCC_WARN_64_TO_32_BIT_CONVERSION = YES;
				GCC_WARN_ABOUT_RETURN_TYPE = YES;
				GCC_WARN_UNDECLARED_SELECTOR = YES;
				GCC_WARN_UNINITIALIZED_AUTOS = YES;
				GCC_WARN_UNUSED_FUNCTION = YES;
				GCC_WARN_UNUSED_VARIABLE = YES;
				HEADER_SEARCH_PATHS = (
					"\"$(SRCROOT)/utils/minizip\"",
					"\"$(SRCROOT)/utils/scale2x\"",
					"\"$(SRCROOT)/utils\"",
				);
				INSTALL_PATH = "$(HOME)/Library/Bundles";
				IPHONEOS_DEPLOYMENT_TARGET = 13.0;
				MACOSX_DEPLOYMENT_TARGET = 10.13;
				OTHER_CFLAGS = (
					"-DCRABZ80_NO_READMAP_FALLBACK",
					"-DIN_CRABEMU",
					"$(inherited)",
				);
				SDKROOT = auto;
				SUPPORTED_PLATFORMS = "xrsimulator xros macosx iphonesimulator iphoneos appletvsimulator appletvos";
				SUPPORTS_MACCATALYST = YES;
				TVOS_DEPLOYMENT_TARGET = 13.0;
			};
			name = Archive;
		};
		B3DEEF8C2942EEC800A6957C /* Archive */ = {
			isa = XCBuildConfiguration;
			buildSettings = {
				CLANG_ANALYZER_NONNULL = YES;
				CLANG_ANALYZER_NUMBER_OBJECT_CONVERSION = YES_AGGRESSIVE;
				CLANG_CXX_LANGUAGE_STANDARD = "gnu++17";
				CLANG_CXX_LIBRARY = "libc++";
				CLANG_ENABLE_OBJC_WEAK = YES;
				CLANG_WARN_BLOCK_CAPTURE_AUTORELEASING = YES;
				CLANG_WARN_COMMA = YES;
				CLANG_WARN_DEPRECATED_OBJC_IMPLEMENTATIONS = YES;
				CLANG_WARN_DIRECT_OBJC_ISA_USAGE = YES_ERROR;
				CLANG_WARN_DOCUMENTATION_COMMENTS = YES;
				CLANG_WARN_INFINITE_RECURSION = YES;
				CLANG_WARN_NON_LITERAL_NULL_CONVERSION = YES;
				CLANG_WARN_OBJC_IMPLICIT_RETAIN_SELF = YES;
				CLANG_WARN_OBJC_LITERAL_CONVERSION = YES;
				CLANG_WARN_OBJC_ROOT_CLASS = YES_ERROR;
				CLANG_WARN_QUOTED_INCLUDE_IN_FRAMEWORK_HEADER = YES;
				CLANG_WARN_RANGE_LOOP_ANALYSIS = YES;
				CLANG_WARN_STRICT_PROTOTYPES = YES;
				CLANG_WARN_SUSPICIOUS_MOVE = YES;
				CLANG_WARN_UNGUARDED_AVAILABILITY = YES_AGGRESSIVE;
				CODE_SIGN_IDENTITY = "Apple Development";
				CODE_SIGN_STYLE = Automatic;
				COPY_PHASE_STRIP = NO;
				CURRENT_PROJECT_VERSION = 1;
				DEFINES_MODULE = YES;
				DEVELOPMENT_TEAM = S32Z3HMYVQ;
				DYLIB_COMPATIBILITY_VERSION = 1;
				DYLIB_CURRENT_VERSION = 1;
				DYLIB_INSTALL_NAME_BASE = "@rpath";
				ENABLE_NS_ASSERTIONS = NO;
				GCC_C_LANGUAGE_STANDARD = gnu11;
				GCC_NO_COMMON_BLOCKS = YES;
				GCC_WARN_ABOUT_RETURN_TYPE = YES_ERROR;
				GCC_WARN_UNINITIALIZED_AUTOS = YES_AGGRESSIVE;
				GENERATE_INFOPLIST_FILE = YES;
				INFOPLIST_KEY_NSHumanReadableCopyright = "";
				INSTALL_PATH = "$(LOCAL_LIBRARY_DIR)/Frameworks";
				LD_RUNPATH_SEARCH_PATHS = (
					"$(inherited)",
					"@executable_path/Frameworks",
					"@loader_path/Frameworks",
				);
				MARKETING_VERSION = 1.0;
				MTL_ENABLE_DEBUG_INFO = NO;
				MTL_FAST_MATH = YES;
				PRODUCT_BUNDLE_IDENTIFIER = "org.provenance-emu.PVCrabEmu";
				PRODUCT_NAME = "$(TARGET_NAME:c99extidentifier)";
				PROVISIONING_PROFILE_SPECIFIER = "";
				SKIP_INSTALL = YES;
				SUPPORTS_MACCATALYST = YES;
				SWIFT_EMIT_LOC_STRINGS = YES;
				TARGETED_DEVICE_FAMILY = "1,2,3,4,6";
				VALIDATE_PRODUCT = YES;
				VERSIONING_SYSTEM = "apple-generic";
				VERSION_INFO_PREFIX = "";
			};
			name = Archive;
		};
		B3DEEF8D2942EEC800A6957C /* Archive */ = {
			isa = XCBuildConfiguration;
			buildSettings = {
				CLANG_ANALYZER_NONNULL = YES;
				CLANG_ANALYZER_NUMBER_OBJECT_CONVERSION = YES_AGGRESSIVE;
				CLANG_CXX_LANGUAGE_STANDARD = "gnu++17";
				CLANG_CXX_LIBRARY = "libc++";
				CLANG_ENABLE_OBJC_WEAK = YES;
				CLANG_WARN_BLOCK_CAPTURE_AUTORELEASING = YES;
				CLANG_WARN_COMMA = YES;
				CLANG_WARN_DEPRECATED_OBJC_IMPLEMENTATIONS = YES;
				CLANG_WARN_DIRECT_OBJC_ISA_USAGE = YES_ERROR;
				CLANG_WARN_DOCUMENTATION_COMMENTS = YES;
				CLANG_WARN_INFINITE_RECURSION = YES;
				CLANG_WARN_NON_LITERAL_NULL_CONVERSION = YES;
				CLANG_WARN_OBJC_IMPLICIT_RETAIN_SELF = YES;
				CLANG_WARN_OBJC_LITERAL_CONVERSION = YES;
				CLANG_WARN_OBJC_ROOT_CLASS = YES_ERROR;
				CLANG_WARN_QUOTED_INCLUDE_IN_FRAMEWORK_HEADER = YES;
				CLANG_WARN_RANGE_LOOP_ANALYSIS = YES;
				CLANG_WARN_STRICT_PROTOTYPES = YES;
				CLANG_WARN_SUSPICIOUS_MOVE = YES;
				CLANG_WARN_UNGUARDED_AVAILABILITY = YES_AGGRESSIVE;
				CODE_SIGN_STYLE = Automatic;
				COPY_PHASE_STRIP = NO;
				DEVELOPMENT_TEAM = S32Z3HMYVQ;
				ENABLE_NS_ASSERTIONS = NO;
				GCC_C_LANGUAGE_STANDARD = gnu11;
				GCC_NO_COMMON_BLOCKS = YES;
				GCC_WARN_ABOUT_RETURN_TYPE = YES_ERROR;
				GCC_WARN_INHIBIT_ALL_WARNINGS = YES;
				GCC_WARN_UNINITIALIZED_AUTOS = YES_AGGRESSIVE;
				MTL_ENABLE_DEBUG_INFO = NO;
				MTL_FAST_MATH = YES;
				OTHER_LDFLAGS = (
					"-ObjC",
					"$(inherited)",
				);
				PRODUCT_NAME = "$(TARGET_NAME)";
				SKIP_INSTALL = YES;
				SUPPORTS_MACCATALYST = YES;
				TARGETED_DEVICE_FAMILY = "1,2,3,4,6";
				VALIDATE_PRODUCT = YES;
			};
			name = Archive;
		};
/* End XCBuildConfiguration section */

/* Begin XCConfigurationList section */
		1DEB913E08733D840010E9CD /* Build configuration list for PBXProject "PVCrabEmu" */ = {
			isa = XCConfigurationList;
			buildConfigurations = (
				1DEB913F08733D840010E9CD /* Debug */,
				1DEB914008733D840010E9CD /* Release */,
				B3DEEF8B2942EEC800A6957C /* Archive */,
			);
			defaultConfigurationIsVisible = 0;
			defaultConfigurationName = Release;
		};
		B305F0B7276B665F003AE510 /* Build configuration list for PBXNativeTarget "crabemu" */ = {
			isa = XCConfigurationList;
			buildConfigurations = (
				B305F0B5276B665F003AE510 /* Debug */,
				B305F0B6276B665F003AE510 /* Release */,
				B3DEEF8D2942EEC800A6957C /* Archive */,
			);
			defaultConfigurationIsVisible = 0;
			defaultConfigurationName = Release;
		};
		B305F0EF276B6697003AE510 /* Build configuration list for PBXNativeTarget "PVCrabEmu" */ = {
			isa = XCConfigurationList;
			buildConfigurations = (
				B305F0F0276B6697003AE510 /* Debug */,
				B305F0F1276B6697003AE510 /* Release */,
				B3DEEF8C2942EEC800A6957C /* Archive */,
			);
			defaultConfigurationIsVisible = 0;
			defaultConfigurationName = Release;
		};
/* End XCConfigurationList section */
	};
	rootObject = 089C1669FE841209C02AAC07 /* Project object */;
}
